// !$*UTF8*$!
{
	archiveVersion = 1;
	classes = {
	};
	objectVersion = 55;
	objects = {

/* Begin PBXBuildFile section */
		51522EC32A6042D7002D126D /* HomeViewModel.swift in Sources */ = {isa = PBXBuildFile; fileRef = 51522E902A6042D7002D126D /* HomeViewModel.swift */; };
		51522EC42A6042D7002D126D /* TestPresentViewController.swift in Sources */ = {isa = PBXBuildFile; fileRef = 51522E932A6042D7002D126D /* TestPresentViewController.swift */; };
		51522EC52A6042D7002D126D /* TestFullPresentViewController.swift in Sources */ = {isa = PBXBuildFile; fileRef = 51522E942A6042D7002D126D /* TestFullPresentViewController.swift */; };
		51522EC62A6042D7002D126D /* Main.storyboard in Resources */ = {isa = PBXBuildFile; fileRef = 51522E952A6042D7002D126D /* Main.storyboard */; };
		51522EC72A6042D7002D126D /* Tab2ViewController.swift in Sources */ = {isa = PBXBuildFile; fileRef = 51522E982A6042D7002D126D /* Tab2ViewController.swift */; };
		51522EC82A6042D7002D126D /* Tab1ViewController.swift in Sources */ = {isa = PBXBuildFile; fileRef = 51522E992A6042D7002D126D /* Tab1ViewController.swift */; };
		51522EC92A6042D7002D126D /* TestTabViewController.swift in Sources */ = {isa = PBXBuildFile; fileRef = 51522E9A2A6042D7002D126D /* TestTabViewController.swift */; };
		51522ECA2A6042D7002D126D /* FirstViewController.swift in Sources */ = {isa = PBXBuildFile; fileRef = 51522E9C2A6042D7002D126D /* FirstViewController.swift */; };
		51522ECB2A6042D7002D126D /* TestContainerViewController.swift in Sources */ = {isa = PBXBuildFile; fileRef = 51522E9D2A6042D7002D126D /* TestContainerViewController.swift */; };
		51522ECC2A6042D7002D126D /* SecondViewController.swift in Sources */ = {isa = PBXBuildFile; fileRef = 51522E9E2A6042D7002D126D /* SecondViewController.swift */; };
		51522ECD2A6042D7002D126D /* TestPushViewController.swift in Sources */ = {isa = PBXBuildFile; fileRef = 51522EA02A6042D7002D126D /* TestPushViewController.swift */; };
		51522ECE2A6042D7002D126D /* TestSubviewViewController.swift in Sources */ = {isa = PBXBuildFile; fileRef = 51522EA22A6042D7002D126D /* TestSubviewViewController.swift */; };
		51522ECF2A6042D7002D126D /* Subview1ViewController.swift in Sources */ = {isa = PBXBuildFile; fileRef = 51522EA32A6042D7002D126D /* Subview1ViewController.swift */; };
		51522ED02A6042D7002D126D /* Subview2ViewController.swift in Sources */ = {isa = PBXBuildFile; fileRef = 51522EA42A6042D7002D126D /* Subview2ViewController.swift */; };
		51522ED12A6042D7002D126D /* PagerViewController.swift in Sources */ = {isa = PBXBuildFile; fileRef = 51522EA62A6042D7002D126D /* PagerViewController.swift */; };
		51522ED22A6042D7002D126D /* SlideViewController.swift in Sources */ = {isa = PBXBuildFile; fileRef = 51522EA72A6042D7002D126D /* SlideViewController.swift */; };
		51522ED32A6042D7002D126D /* TestPadFormSheetPresentViewController.swift in Sources */ = {isa = PBXBuildFile; fileRef = 51522EAA2A6042D7002D126D /* TestPadFormSheetPresentViewController.swift */; };
		51522ED42A6042D7002D126D /* TestPadPresentViewController.swift in Sources */ = {isa = PBXBuildFile; fileRef = 51522EAB2A6042D7002D126D /* TestPadPresentViewController.swift */; };
		51522ED52A6042D7002D126D /* TestSplitViewController.swift in Sources */ = {isa = PBXBuildFile; fileRef = 51522EAD2A6042D7002D126D /* TestSplitViewController.swift */; };
		51522ED62A6042D7002D126D /* DetailViewController.swift in Sources */ = {isa = PBXBuildFile; fileRef = 51522EAE2A6042D7002D126D /* DetailViewController.swift */; };
		51522ED72A6042D7002D126D /* MasterViewController.swift in Sources */ = {isa = PBXBuildFile; fileRef = 51522EAF2A6042D7002D126D /* MasterViewController.swift */; };
		51522ED82A6042D7002D126D /* TestPadTabViewController.swift in Sources */ = {isa = PBXBuildFile; fileRef = 51522EB12A6042D7002D126D /* TestPadTabViewController.swift */; };
		51522ED92A6042D7002D126D /* Tab2PadViewController.swift in Sources */ = {isa = PBXBuildFile; fileRef = 51522EB22A6042D7002D126D /* Tab2PadViewController.swift */; };
		51522EDA2A6042D7002D126D /* Tab1PadViewController.swift in Sources */ = {isa = PBXBuildFile; fileRef = 51522EB32A6042D7002D126D /* Tab1PadViewController.swift */; };
		51522EDB2A6042D7002D126D /* SecondPadViewController.swift in Sources */ = {isa = PBXBuildFile; fileRef = 51522EB52A6042D7002D126D /* SecondPadViewController.swift */; };
		51522EDC2A6042D7002D126D /* TestPadContainerViewController.swift in Sources */ = {isa = PBXBuildFile; fileRef = 51522EB62A6042D7002D126D /* TestPadContainerViewController.swift */; };
		51522EDD2A6042D7002D126D /* FirstPadViewController.swift in Sources */ = {isa = PBXBuildFile; fileRef = 51522EB72A6042D7002D126D /* FirstPadViewController.swift */; };
		51522EDE2A6042D7002D126D /* TestPadPushViewController.swift in Sources */ = {isa = PBXBuildFile; fileRef = 51522EB92A6042D7002D126D /* TestPadPushViewController.swift */; };
		51522EDF2A6042D7002D126D /* Main_iPad.storyboard in Resources */ = {isa = PBXBuildFile; fileRef = 51522EBA2A6042D7002D126D /* Main_iPad.storyboard */; };
		51522EE02A6042D7002D126D /* Subview2PadViewController.swift in Sources */ = {isa = PBXBuildFile; fileRef = 51522EBC2A6042D7002D126D /* Subview2PadViewController.swift */; };
		51522EE12A6042D7002D126D /* Subview1PadViewController.swift in Sources */ = {isa = PBXBuildFile; fileRef = 51522EBD2A6042D7002D126D /* Subview1PadViewController.swift */; };
		51522EE22A6042D7002D126D /* TestPadSubviewViewController.swift in Sources */ = {isa = PBXBuildFile; fileRef = 51522EBE2A6042D7002D126D /* TestPadSubviewViewController.swift */; };
		51522EE32A6042D7002D126D /* PagerPadViewController.swift in Sources */ = {isa = PBXBuildFile; fileRef = 51522EC02A6042D7002D126D /* PagerPadViewController.swift */; };
		51522EE42A6042D7002D126D /* SlidePadViewController.swift in Sources */ = {isa = PBXBuildFile; fileRef = 51522EC12A6042D7002D126D /* SlidePadViewController.swift */; };
		51522EE52A6042D7002D126D /* HomeViewController.swift in Sources */ = {isa = PBXBuildFile; fileRef = 51522EC22A6042D7002D126D /* HomeViewController.swift */; };
		5184F30E2AC1C0AE00A34161 /* CPUUsesTest.swift in Sources */ = {isa = PBXBuildFile; fileRef = 5184F30D2AC1C0AE00A34161 /* CPUUsesTest.swift */; };
		51AB6A692D2E5DEA005F21C4 /* CPUTestsViewController.swift in Sources */ = {isa = PBXBuildFile; fileRef = 51AB6A682D2E5DEA005F21C4 /* CPUTestsViewController.swift */; };
		51ADF3F62D2D664700E96148 /* NetworkTrackingViewController.swift in Sources */ = {isa = PBXBuildFile; fileRef = 51ADF3F52D2D664700E96148 /* NetworkTrackingViewController.swift */; };
		51ADF3F82D2D8E5500E96148 /* MemoryWarningViewController.swift in Sources */ = {isa = PBXBuildFile; fileRef = 51ADF3F72D2D8E5500E96148 /* MemoryWarningViewController.swift */; };
		51F8578F2A8B6E8600B9F77F /* MemoryAllocationTest.swift in Sources */ = {isa = PBXBuildFile; fileRef = 51F8578E2A8B6E8600B9F77F /* MemoryAllocationTest.swift */; };
		8405FECA2A40A97900CC13B5 /* Constants.swift in Sources */ = {isa = PBXBuildFile; fileRef = 8405FEC92A40A97900CC13B5 /* Constants.swift */; };
		8405FECC2A40A98300CC13B5 /* Utils.swift in Sources */ = {isa = PBXBuildFile; fileRef = 8405FECB2A40A98300CC13B5 /* Utils.swift */; };
		8405FECE2A40A99900CC13B5 /* ANRTests.swift in Sources */ = {isa = PBXBuildFile; fileRef = 8405FECD2A40A99900CC13B5 /* ANRTests.swift */; };
		8405FED02A40A9B600CC13B5 /* ANRTests.storyboard in Resources */ = {isa = PBXBuildFile; fileRef = 8405FECF2A40A9B600CC13B5 /* ANRTests.storyboard */; };
		8405FED32A40A9C600CC13B5 /* RunTestViewController.swift in Sources */ = {isa = PBXBuildFile; fileRef = 8405FED12A40A9C600CC13B5 /* RunTestViewController.swift */; };
		8405FED42A40A9C600CC13B5 /* TestsHomeViewController.swift in Sources */ = {isa = PBXBuildFile; fileRef = 8405FED22A40A9C600CC13B5 /* TestsHomeViewController.swift */; };
		8405FED62A40A9D100CC13B5 /* TestsTableViewCell.swift in Sources */ = {isa = PBXBuildFile; fileRef = 8405FED52A40A9D100CC13B5 /* TestsTableViewCell.swift */; };
		C9015ABC2719CA60003BC6C2 /* AppDelegate.swift in Sources */ = {isa = PBXBuildFile; fileRef = C9015ABB2719CA60003BC6C2 /* AppDelegate.swift */; };
		C9015ABE2719CA60003BC6C2 /* SceneDelegate.swift in Sources */ = {isa = PBXBuildFile; fileRef = C9015ABD2719CA60003BC6C2 /* SceneDelegate.swift */; };
		C9015AC02719CA60003BC6C2 /* RootViewController.swift in Sources */ = {isa = PBXBuildFile; fileRef = C9015ABF2719CA60003BC6C2 /* RootViewController.swift */; };
		C9015AC52719CA61003BC6C2 /* Assets.xcassets in Resources */ = {isa = PBXBuildFile; fileRef = C9015AC42719CA61003BC6C2 /* Assets.xcassets */; };
		C9015AC82719CA61003BC6C2 /* LaunchScreen.storyboard in Resources */ = {isa = PBXBuildFile; fileRef = C9015AC62719CA61003BC6C2 /* LaunchScreen.storyboard */; };
		C9015AD32719CA61003BC6C2 /* Example_UIKitTests.swift in Sources */ = {isa = PBXBuildFile; fileRef = C9015AD22719CA61003BC6C2 /* Example_UIKitTests.swift */; };
		C9015ADD2719CA61003BC6C2 /* Example_UIKitUITests.swift in Sources */ = {isa = PBXBuildFile; fileRef = C9015ADC2719CA61003BC6C2 /* Example_UIKitUITests.swift */; };
		C9015ADF2719CA61003BC6C2 /* Example_UIKitUITestsLaunchTests.swift in Sources */ = {isa = PBXBuildFile; fileRef = C9015ADE2719CA61003BC6C2 /* Example_UIKitUITestsLaunchTests.swift */; };
		C9015AEF2719CAFA003BC6C2 /* BlueTriangle in Frameworks */ = {isa = PBXBuildFile; productRef = C9015AEE2719CAFA003BC6C2 /* BlueTriangle */; };
		C96B79BA28C6EEFD00BD03CD /* ImageLoading.swift in Sources */ = {isa = PBXBuildFile; fileRef = C96B79B928C6EEFD00BD03CD /* ImageLoading.swift */; };
		C96B79BC28C6F55800BD03CD /* PhotoDetailViewController.swift in Sources */ = {isa = PBXBuildFile; fileRef = C96B79BB28C6F55800BD03CD /* PhotoDetailViewController.swift */; };
		C9A4146B292422DE001D2C46 /* AppError.swift in Sources */ = {isa = PBXBuildFile; fileRef = C9A4146A292422DE001D2C46 /* AppError.swift */; };
		C9D79C9928B1929A002FBB28 /* Album.swift in Sources */ = {isa = PBXBuildFile; fileRef = C9D79C9828B1929A002FBB28 /* Album.swift */; };
		C9D79C9B28B192B9002FBB28 /* Photo.swift in Sources */ = {isa = PBXBuildFile; fileRef = C9D79C9A28B192B9002FBB28 /* Photo.swift */; };
		C9D79C9E28B192F7002FBB28 /* PlaceholderServiceProtocol.swift in Sources */ = {isa = PBXBuildFile; fileRef = C9D79C9D28B192F7002FBB28 /* PlaceholderServiceProtocol.swift */; };
		C9D79CA028B193C9002FBB28 /* JSONPlaceholder.swift in Sources */ = {isa = PBXBuildFile; fileRef = C9D79C9F28B193C9002FBB28 /* JSONPlaceholder.swift */; };
		C9D79CB228B19E36002FBB28 /* PhotoCell.swift in Sources */ = {isa = PBXBuildFile; fileRef = C9D79CB128B19E36002FBB28 /* PhotoCell.swift */; };
		C9D79CB428B19F36002FBB28 /* ViewState.swift in Sources */ = {isa = PBXBuildFile; fileRef = C9D79CB328B19F36002FBB28 /* ViewState.swift */; };
		C9D79CB628B19F82002FBB28 /* PhotoCollectionViewController.swift in Sources */ = {isa = PBXBuildFile; fileRef = C9D79CB528B19F82002FBB28 /* PhotoCollectionViewController.swift */; };
		C9D79CB828B1A2FA002FBB28 /* SingleSection.swift in Sources */ = {isa = PBXBuildFile; fileRef = C9D79CB728B1A2FA002FBB28 /* SingleSection.swift */; };
		C9D7E92028C425CC00FC1C27 /* ImageLoader.swift in Sources */ = {isa = PBXBuildFile; fileRef = C9D7E91F28C425CC00FC1C27 /* ImageLoader.swift */; };
/* End PBXBuildFile section */

/* Begin PBXContainerItemProxy section */
		C9015ACF2719CA61003BC6C2 /* PBXContainerItemProxy */ = {
			isa = PBXContainerItemProxy;
			containerPortal = C9015AB02719CA60003BC6C2 /* Project object */;
			proxyType = 1;
			remoteGlobalIDString = C9015AB72719CA60003BC6C2;
			remoteInfo = "Example-UIKit";
		};
		C9015AD92719CA61003BC6C2 /* PBXContainerItemProxy */ = {
			isa = PBXContainerItemProxy;
			containerPortal = C9015AB02719CA60003BC6C2 /* Project object */;
			proxyType = 1;
			remoteGlobalIDString = C9015AB72719CA60003BC6C2;
			remoteInfo = "Example-UIKit";
		};
/* End PBXContainerItemProxy section */

/* Begin PBXFileReference section */
		51522E902A6042D7002D126D /* HomeViewModel.swift */ = {isa = PBXFileReference; fileEncoding = 4; lastKnownFileType = sourcecode.swift; path = HomeViewModel.swift; sourceTree = "<group>"; };
		51522E932A6042D7002D126D /* TestPresentViewController.swift */ = {isa = PBXFileReference; fileEncoding = 4; lastKnownFileType = sourcecode.swift; path = TestPresentViewController.swift; sourceTree = "<group>"; };
		51522E942A6042D7002D126D /* TestFullPresentViewController.swift */ = {isa = PBXFileReference; fileEncoding = 4; lastKnownFileType = sourcecode.swift; path = TestFullPresentViewController.swift; sourceTree = "<group>"; };
		51522E962A6042D7002D126D /* Base */ = {isa = PBXFileReference; lastKnownFileType = file.storyboard; name = Base; path = Base.lproj/Main.storyboard; sourceTree = "<group>"; };
		51522E982A6042D7002D126D /* Tab2ViewController.swift */ = {isa = PBXFileReference; fileEncoding = 4; lastKnownFileType = sourcecode.swift; path = Tab2ViewController.swift; sourceTree = "<group>"; };
		51522E992A6042D7002D126D /* Tab1ViewController.swift */ = {isa = PBXFileReference; fileEncoding = 4; lastKnownFileType = sourcecode.swift; path = Tab1ViewController.swift; sourceTree = "<group>"; };
		51522E9A2A6042D7002D126D /* TestTabViewController.swift */ = {isa = PBXFileReference; fileEncoding = 4; lastKnownFileType = sourcecode.swift; path = TestTabViewController.swift; sourceTree = "<group>"; };
		51522E9C2A6042D7002D126D /* FirstViewController.swift */ = {isa = PBXFileReference; fileEncoding = 4; lastKnownFileType = sourcecode.swift; path = FirstViewController.swift; sourceTree = "<group>"; };
		51522E9D2A6042D7002D126D /* TestContainerViewController.swift */ = {isa = PBXFileReference; fileEncoding = 4; lastKnownFileType = sourcecode.swift; path = TestContainerViewController.swift; sourceTree = "<group>"; };
		51522E9E2A6042D7002D126D /* SecondViewController.swift */ = {isa = PBXFileReference; fileEncoding = 4; lastKnownFileType = sourcecode.swift; path = SecondViewController.swift; sourceTree = "<group>"; };
		51522EA02A6042D7002D126D /* TestPushViewController.swift */ = {isa = PBXFileReference; fileEncoding = 4; lastKnownFileType = sourcecode.swift; path = TestPushViewController.swift; sourceTree = "<group>"; };
		51522EA22A6042D7002D126D /* TestSubviewViewController.swift */ = {isa = PBXFileReference; fileEncoding = 4; lastKnownFileType = sourcecode.swift; path = TestSubviewViewController.swift; sourceTree = "<group>"; };
		51522EA32A6042D7002D126D /* Subview1ViewController.swift */ = {isa = PBXFileReference; fileEncoding = 4; lastKnownFileType = sourcecode.swift; path = Subview1ViewController.swift; sourceTree = "<group>"; };
		51522EA42A6042D7002D126D /* Subview2ViewController.swift */ = {isa = PBXFileReference; fileEncoding = 4; lastKnownFileType = sourcecode.swift; path = Subview2ViewController.swift; sourceTree = "<group>"; };
		51522EA62A6042D7002D126D /* PagerViewController.swift */ = {isa = PBXFileReference; fileEncoding = 4; lastKnownFileType = sourcecode.swift; path = PagerViewController.swift; sourceTree = "<group>"; };
		51522EA72A6042D7002D126D /* SlideViewController.swift */ = {isa = PBXFileReference; fileEncoding = 4; lastKnownFileType = sourcecode.swift; path = SlideViewController.swift; sourceTree = "<group>"; };
		51522EAA2A6042D7002D126D /* TestPadFormSheetPresentViewController.swift */ = {isa = PBXFileReference; fileEncoding = 4; lastKnownFileType = sourcecode.swift; path = TestPadFormSheetPresentViewController.swift; sourceTree = "<group>"; };
		51522EAB2A6042D7002D126D /* TestPadPresentViewController.swift */ = {isa = PBXFileReference; fileEncoding = 4; lastKnownFileType = sourcecode.swift; path = TestPadPresentViewController.swift; sourceTree = "<group>"; };
		51522EAD2A6042D7002D126D /* TestSplitViewController.swift */ = {isa = PBXFileReference; fileEncoding = 4; lastKnownFileType = sourcecode.swift; path = TestSplitViewController.swift; sourceTree = "<group>"; };
		51522EAE2A6042D7002D126D /* DetailViewController.swift */ = {isa = PBXFileReference; fileEncoding = 4; lastKnownFileType = sourcecode.swift; path = DetailViewController.swift; sourceTree = "<group>"; };
		51522EAF2A6042D7002D126D /* MasterViewController.swift */ = {isa = PBXFileReference; fileEncoding = 4; lastKnownFileType = sourcecode.swift; path = MasterViewController.swift; sourceTree = "<group>"; };
		51522EB12A6042D7002D126D /* TestPadTabViewController.swift */ = {isa = PBXFileReference; fileEncoding = 4; lastKnownFileType = sourcecode.swift; path = TestPadTabViewController.swift; sourceTree = "<group>"; };
		51522EB22A6042D7002D126D /* Tab2PadViewController.swift */ = {isa = PBXFileReference; fileEncoding = 4; lastKnownFileType = sourcecode.swift; path = Tab2PadViewController.swift; sourceTree = "<group>"; };
		51522EB32A6042D7002D126D /* Tab1PadViewController.swift */ = {isa = PBXFileReference; fileEncoding = 4; lastKnownFileType = sourcecode.swift; path = Tab1PadViewController.swift; sourceTree = "<group>"; };
		51522EB52A6042D7002D126D /* SecondPadViewController.swift */ = {isa = PBXFileReference; fileEncoding = 4; lastKnownFileType = sourcecode.swift; path = SecondPadViewController.swift; sourceTree = "<group>"; };
		51522EB62A6042D7002D126D /* TestPadContainerViewController.swift */ = {isa = PBXFileReference; fileEncoding = 4; lastKnownFileType = sourcecode.swift; path = TestPadContainerViewController.swift; sourceTree = "<group>"; };
		51522EB72A6042D7002D126D /* FirstPadViewController.swift */ = {isa = PBXFileReference; fileEncoding = 4; lastKnownFileType = sourcecode.swift; path = FirstPadViewController.swift; sourceTree = "<group>"; };
		51522EB92A6042D7002D126D /* TestPadPushViewController.swift */ = {isa = PBXFileReference; fileEncoding = 4; lastKnownFileType = sourcecode.swift; path = TestPadPushViewController.swift; sourceTree = "<group>"; };
		51522EBA2A6042D7002D126D /* Main_iPad.storyboard */ = {isa = PBXFileReference; fileEncoding = 4; lastKnownFileType = file.storyboard; path = Main_iPad.storyboard; sourceTree = "<group>"; };
		51522EBC2A6042D7002D126D /* Subview2PadViewController.swift */ = {isa = PBXFileReference; fileEncoding = 4; lastKnownFileType = sourcecode.swift; path = Subview2PadViewController.swift; sourceTree = "<group>"; };
		51522EBD2A6042D7002D126D /* Subview1PadViewController.swift */ = {isa = PBXFileReference; fileEncoding = 4; lastKnownFileType = sourcecode.swift; path = Subview1PadViewController.swift; sourceTree = "<group>"; };
		51522EBE2A6042D7002D126D /* TestPadSubviewViewController.swift */ = {isa = PBXFileReference; fileEncoding = 4; lastKnownFileType = sourcecode.swift; path = TestPadSubviewViewController.swift; sourceTree = "<group>"; };
		51522EC02A6042D7002D126D /* PagerPadViewController.swift */ = {isa = PBXFileReference; fileEncoding = 4; lastKnownFileType = sourcecode.swift; path = PagerPadViewController.swift; sourceTree = "<group>"; };
		51522EC12A6042D7002D126D /* SlidePadViewController.swift */ = {isa = PBXFileReference; fileEncoding = 4; lastKnownFileType = sourcecode.swift; path = SlidePadViewController.swift; sourceTree = "<group>"; };
		51522EC22A6042D7002D126D /* HomeViewController.swift */ = {isa = PBXFileReference; fileEncoding = 4; lastKnownFileType = sourcecode.swift; path = HomeViewController.swift; sourceTree = "<group>"; };
		5184F30D2AC1C0AE00A34161 /* CPUUsesTest.swift */ = {isa = PBXFileReference; fileEncoding = 4; lastKnownFileType = sourcecode.swift; name = CPUUsesTest.swift; path = ../../TestFactory/CPUTests/CPUUsesTest.swift; sourceTree = "<group>"; };
		51AB6A682D2E5DEA005F21C4 /* CPUTestsViewController.swift */ = {isa = PBXFileReference; fileEncoding = 4; lastKnownFileType = sourcecode.swift; path = CPUTestsViewController.swift; sourceTree = "<group>"; };
		51ADF3F52D2D664700E96148 /* NetworkTrackingViewController.swift */ = {isa = PBXFileReference; lastKnownFileType = sourcecode.swift; path = NetworkTrackingViewController.swift; sourceTree = "<group>"; };
		51ADF3F72D2D8E5500E96148 /* MemoryWarningViewController.swift */ = {isa = PBXFileReference; lastKnownFileType = sourcecode.swift; path = MemoryWarningViewController.swift; sourceTree = "<group>"; };
		51F8578E2A8B6E8600B9F77F /* MemoryAllocationTest.swift */ = {isa = PBXFileReference; fileEncoding = 4; lastKnownFileType = sourcecode.swift; name = MemoryAllocationTest.swift; path = ../../TestFactory/MemoryTest/MemoryAllocationTest.swift; sourceTree = "<group>"; };
		8405FEC92A40A97900CC13B5 /* Constants.swift */ = {isa = PBXFileReference; fileEncoding = 4; lastKnownFileType = sourcecode.swift; path = Constants.swift; sourceTree = "<group>"; };
		8405FECB2A40A98300CC13B5 /* Utils.swift */ = {isa = PBXFileReference; fileEncoding = 4; lastKnownFileType = sourcecode.swift; path = Utils.swift; sourceTree = "<group>"; };
		8405FECD2A40A99900CC13B5 /* ANRTests.swift */ = {isa = PBXFileReference; fileEncoding = 4; lastKnownFileType = sourcecode.swift; name = ANRTests.swift; path = ../../TestFactory/ANRTests/ANRTests.swift; sourceTree = "<group>"; };
		8405FECF2A40A9B600CC13B5 /* ANRTests.storyboard */ = {isa = PBXFileReference; fileEncoding = 4; lastKnownFileType = file.storyboard; path = ANRTests.storyboard; sourceTree = "<group>"; };
		8405FED12A40A9C600CC13B5 /* RunTestViewController.swift */ = {isa = PBXFileReference; fileEncoding = 4; lastKnownFileType = sourcecode.swift; path = RunTestViewController.swift; sourceTree = "<group>"; };
		8405FED22A40A9C600CC13B5 /* TestsHomeViewController.swift */ = {isa = PBXFileReference; fileEncoding = 4; lastKnownFileType = sourcecode.swift; path = TestsHomeViewController.swift; sourceTree = "<group>"; };
		8405FED52A40A9D100CC13B5 /* TestsTableViewCell.swift */ = {isa = PBXFileReference; fileEncoding = 4; lastKnownFileType = sourcecode.swift; path = TestsTableViewCell.swift; sourceTree = "<group>"; };
		C9015AB82719CA60003BC6C2 /* Example-UIKit.app */ = {isa = PBXFileReference; explicitFileType = wrapper.application; includeInIndex = 0; path = "Example-UIKit.app"; sourceTree = BUILT_PRODUCTS_DIR; };
		C9015ABB2719CA60003BC6C2 /* AppDelegate.swift */ = {isa = PBXFileReference; lastKnownFileType = sourcecode.swift; path = AppDelegate.swift; sourceTree = "<group>"; };
		C9015ABD2719CA60003BC6C2 /* SceneDelegate.swift */ = {isa = PBXFileReference; lastKnownFileType = sourcecode.swift; path = SceneDelegate.swift; sourceTree = "<group>"; };
		C9015ABF2719CA60003BC6C2 /* RootViewController.swift */ = {isa = PBXFileReference; lastKnownFileType = sourcecode.swift; path = RootViewController.swift; sourceTree = "<group>"; };
		C9015AC42719CA61003BC6C2 /* Assets.xcassets */ = {isa = PBXFileReference; lastKnownFileType = folder.assetcatalog; path = Assets.xcassets; sourceTree = "<group>"; };
		C9015AC72719CA61003BC6C2 /* Base */ = {isa = PBXFileReference; lastKnownFileType = file.storyboard; name = Base; path = Base.lproj/LaunchScreen.storyboard; sourceTree = "<group>"; };
		C9015AC92719CA61003BC6C2 /* Info.plist */ = {isa = PBXFileReference; lastKnownFileType = text.plist.xml; path = Info.plist; sourceTree = "<group>"; };
		C9015ACE2719CA61003BC6C2 /* Example-UIKitTests.xctest */ = {isa = PBXFileReference; explicitFileType = wrapper.cfbundle; includeInIndex = 0; path = "Example-UIKitTests.xctest"; sourceTree = BUILT_PRODUCTS_DIR; };
		C9015AD22719CA61003BC6C2 /* Example_UIKitTests.swift */ = {isa = PBXFileReference; lastKnownFileType = sourcecode.swift; path = Example_UIKitTests.swift; sourceTree = "<group>"; };
		C9015AD82719CA61003BC6C2 /* Example-UIKitUITests.xctest */ = {isa = PBXFileReference; explicitFileType = wrapper.cfbundle; includeInIndex = 0; path = "Example-UIKitUITests.xctest"; sourceTree = BUILT_PRODUCTS_DIR; };
		C9015ADC2719CA61003BC6C2 /* Example_UIKitUITests.swift */ = {isa = PBXFileReference; lastKnownFileType = sourcecode.swift; path = Example_UIKitUITests.swift; sourceTree = "<group>"; };
		C9015ADE2719CA61003BC6C2 /* Example_UIKitUITestsLaunchTests.swift */ = {isa = PBXFileReference; lastKnownFileType = sourcecode.swift; path = Example_UIKitUITestsLaunchTests.swift; sourceTree = "<group>"; };
		C9015AEC2719CA99003BC6C2 /* btt-swift-sdk */ = {isa = PBXFileReference; lastKnownFileType = folder; name = "btt-swift-sdk"; path = ../..; sourceTree = "<group>"; };
		C96B79B928C6EEFD00BD03CD /* ImageLoading.swift */ = {isa = PBXFileReference; lastKnownFileType = sourcecode.swift; path = ImageLoading.swift; sourceTree = "<group>"; };
		C96B79BB28C6F55800BD03CD /* PhotoDetailViewController.swift */ = {isa = PBXFileReference; lastKnownFileType = sourcecode.swift; path = PhotoDetailViewController.swift; sourceTree = "<group>"; };
		C9A4146A292422DE001D2C46 /* AppError.swift */ = {isa = PBXFileReference; lastKnownFileType = sourcecode.swift; path = AppError.swift; sourceTree = "<group>"; };
		C9D79C9828B1929A002FBB28 /* Album.swift */ = {isa = PBXFileReference; lastKnownFileType = sourcecode.swift; path = Album.swift; sourceTree = "<group>"; };
		C9D79C9A28B192B9002FBB28 /* Photo.swift */ = {isa = PBXFileReference; lastKnownFileType = sourcecode.swift; path = Photo.swift; sourceTree = "<group>"; };
		C9D79C9D28B192F7002FBB28 /* PlaceholderServiceProtocol.swift */ = {isa = PBXFileReference; lastKnownFileType = sourcecode.swift; path = PlaceholderServiceProtocol.swift; sourceTree = "<group>"; };
		C9D79C9F28B193C9002FBB28 /* JSONPlaceholder.swift */ = {isa = PBXFileReference; lastKnownFileType = sourcecode.swift; path = JSONPlaceholder.swift; sourceTree = "<group>"; };
		C9D79CB128B19E36002FBB28 /* PhotoCell.swift */ = {isa = PBXFileReference; lastKnownFileType = sourcecode.swift; path = PhotoCell.swift; sourceTree = "<group>"; };
		C9D79CB328B19F36002FBB28 /* ViewState.swift */ = {isa = PBXFileReference; lastKnownFileType = sourcecode.swift; path = ViewState.swift; sourceTree = "<group>"; };
		C9D79CB528B19F82002FBB28 /* PhotoCollectionViewController.swift */ = {isa = PBXFileReference; lastKnownFileType = sourcecode.swift; path = PhotoCollectionViewController.swift; sourceTree = "<group>"; };
		C9D79CB728B1A2FA002FBB28 /* SingleSection.swift */ = {isa = PBXFileReference; lastKnownFileType = sourcecode.swift; path = SingleSection.swift; sourceTree = "<group>"; };
		C9D7E91F28C425CC00FC1C27 /* ImageLoader.swift */ = {isa = PBXFileReference; lastKnownFileType = sourcecode.swift; path = ImageLoader.swift; sourceTree = "<group>"; };
/* End PBXFileReference section */

/* Begin PBXFrameworksBuildPhase section */
		C9015AB52719CA60003BC6C2 /* Frameworks */ = {
			isa = PBXFrameworksBuildPhase;
			buildActionMask = 2147483647;
			files = (
				C9015AEF2719CAFA003BC6C2 /* BlueTriangle in Frameworks */,
			);
			runOnlyForDeploymentPostprocessing = 0;
		};
		C9015ACB2719CA61003BC6C2 /* Frameworks */ = {
			isa = PBXFrameworksBuildPhase;
			buildActionMask = 2147483647;
			files = (
			);
			runOnlyForDeploymentPostprocessing = 0;
		};
		C9015AD52719CA61003BC6C2 /* Frameworks */ = {
			isa = PBXFrameworksBuildPhase;
			buildActionMask = 2147483647;
			files = (
			);
			runOnlyForDeploymentPostprocessing = 0;
		};
/* End PBXFrameworksBuildPhase section */

/* Begin PBXGroup section */
		51522E8F2A6042D7002D126D /* Home */ = {
			isa = PBXGroup;
			children = (
				51522E902A6042D7002D126D /* HomeViewModel.swift */,
				51522E912A6042D7002D126D /* TestPhoneVC */,
				51522EA82A6042D7002D126D /* TestPadVC */,
				51522EC22A6042D7002D126D /* HomeViewController.swift */,
			);
			path = Home;
			sourceTree = "<group>";
		};
		51522E912A6042D7002D126D /* TestPhoneVC */ = {
			isa = PBXGroup;
			children = (
				51522E922A6042D7002D126D /* Present */,
				51522E952A6042D7002D126D /* Main.storyboard */,
				51522E972A6042D7002D126D /* TabView */,
				51522E9B2A6042D7002D126D /* Container */,
				51522E9F2A6042D7002D126D /* Push */,
				51522EA12A6042D7002D126D /* SubView */,
				51522EA52A6042D7002D126D /* Pager */,
			);
			path = TestPhoneVC;
			sourceTree = "<group>";
		};
		51522E922A6042D7002D126D /* Present */ = {
			isa = PBXGroup;
			children = (
				51522E932A6042D7002D126D /* TestPresentViewController.swift */,
				51522E942A6042D7002D126D /* TestFullPresentViewController.swift */,
			);
			path = Present;
			sourceTree = "<group>";
		};
		51522E972A6042D7002D126D /* TabView */ = {
			isa = PBXGroup;
			children = (
				51522E982A6042D7002D126D /* Tab2ViewController.swift */,
				51522E992A6042D7002D126D /* Tab1ViewController.swift */,
				51522E9A2A6042D7002D126D /* TestTabViewController.swift */,
			);
			path = TabView;
			sourceTree = "<group>";
		};
		51522E9B2A6042D7002D126D /* Container */ = {
			isa = PBXGroup;
			children = (
				51522E9C2A6042D7002D126D /* FirstViewController.swift */,
				51522E9D2A6042D7002D126D /* TestContainerViewController.swift */,
				51522E9E2A6042D7002D126D /* SecondViewController.swift */,
			);
			path = Container;
			sourceTree = "<group>";
		};
		51522E9F2A6042D7002D126D /* Push */ = {
			isa = PBXGroup;
			children = (
				51522EA02A6042D7002D126D /* TestPushViewController.swift */,
			);
			path = Push;
			sourceTree = "<group>";
		};
		51522EA12A6042D7002D126D /* SubView */ = {
			isa = PBXGroup;
			children = (
				51522EA22A6042D7002D126D /* TestSubviewViewController.swift */,
				51522EA32A6042D7002D126D /* Subview1ViewController.swift */,
				51522EA42A6042D7002D126D /* Subview2ViewController.swift */,
			);
			path = SubView;
			sourceTree = "<group>";
		};
		51522EA52A6042D7002D126D /* Pager */ = {
			isa = PBXGroup;
			children = (
				51522EA62A6042D7002D126D /* PagerViewController.swift */,
				51522EA72A6042D7002D126D /* SlideViewController.swift */,
			);
			path = Pager;
			sourceTree = "<group>";
		};
		51522EA82A6042D7002D126D /* TestPadVC */ = {
			isa = PBXGroup;
			children = (
				51522EA92A6042D7002D126D /* Present */,
				51522EAC2A6042D7002D126D /* Split */,
				51522EB02A6042D7002D126D /* TabView */,
				51522EB42A6042D7002D126D /* Container */,
				51522EB82A6042D7002D126D /* Push */,
				51522EBA2A6042D7002D126D /* Main_iPad.storyboard */,
				51522EBB2A6042D7002D126D /* SubView */,
				51522EBF2A6042D7002D126D /* Pager */,
			);
			path = TestPadVC;
			sourceTree = "<group>";
		};
		51522EA92A6042D7002D126D /* Present */ = {
			isa = PBXGroup;
			children = (
				51522EAA2A6042D7002D126D /* TestPadFormSheetPresentViewController.swift */,
				51522EAB2A6042D7002D126D /* TestPadPresentViewController.swift */,
			);
			path = Present;
			sourceTree = "<group>";
		};
		51522EAC2A6042D7002D126D /* Split */ = {
			isa = PBXGroup;
			children = (
				51522EAD2A6042D7002D126D /* TestSplitViewController.swift */,
				51522EAE2A6042D7002D126D /* DetailViewController.swift */,
				51522EAF2A6042D7002D126D /* MasterViewController.swift */,
			);
			path = Split;
			sourceTree = "<group>";
		};
		51522EB02A6042D7002D126D /* TabView */ = {
			isa = PBXGroup;
			children = (
				51522EB12A6042D7002D126D /* TestPadTabViewController.swift */,
				51522EB22A6042D7002D126D /* Tab2PadViewController.swift */,
				51522EB32A6042D7002D126D /* Tab1PadViewController.swift */,
			);
			path = TabView;
			sourceTree = "<group>";
		};
		51522EB42A6042D7002D126D /* Container */ = {
			isa = PBXGroup;
			children = (
				51522EB52A6042D7002D126D /* SecondPadViewController.swift */,
				51522EB62A6042D7002D126D /* TestPadContainerViewController.swift */,
				51522EB72A6042D7002D126D /* FirstPadViewController.swift */,
			);
			path = Container;
			sourceTree = "<group>";
		};
		51522EB82A6042D7002D126D /* Push */ = {
			isa = PBXGroup;
			children = (
				51522EB92A6042D7002D126D /* TestPadPushViewController.swift */,
			);
			path = Push;
			sourceTree = "<group>";
		};
		51522EBB2A6042D7002D126D /* SubView */ = {
			isa = PBXGroup;
			children = (
				51522EBC2A6042D7002D126D /* Subview2PadViewController.swift */,
				51522EBD2A6042D7002D126D /* Subview1PadViewController.swift */,
				51522EBE2A6042D7002D126D /* TestPadSubviewViewController.swift */,
			);
			path = SubView;
			sourceTree = "<group>";
		};
		51522EBF2A6042D7002D126D /* Pager */ = {
			isa = PBXGroup;
			children = (
				51522EC02A6042D7002D126D /* PagerPadViewController.swift */,
				51522EC12A6042D7002D126D /* SlidePadViewController.swift */,
			);
			path = Pager;
			sourceTree = "<group>";
		};
		8405FED72A40A9F400CC13B5 /* New Group */ = {
			isa = PBXGroup;
			children = (
				8405FECF2A40A9B600CC13B5 /* ANRTests.storyboard */,
			);
			path = "New Group";
			sourceTree = "<group>";
		};
		C9015AAF2719CA60003BC6C2 = {
			isa = PBXGroup;
			children = (
				C9015ABA2719CA60003BC6C2 /* Example-UIKit */,
				C9015AD12719CA61003BC6C2 /* Example-UIKitTests */,
				C9015ADB2719CA61003BC6C2 /* Example-UIKitUITests */,
				C9015AB92719CA60003BC6C2 /* Products */,
				C9015AED2719CAFA003BC6C2 /* Frameworks */,
				C9015AEB2719CA99003BC6C2 /* Packages */,
			);
			sourceTree = "<group>";
		};
		C9015AB92719CA60003BC6C2 /* Products */ = {
			isa = PBXGroup;
			children = (
				C9015AB82719CA60003BC6C2 /* Example-UIKit.app */,
				C9015ACE2719CA61003BC6C2 /* Example-UIKitTests.xctest */,
				C9015AD82719CA61003BC6C2 /* Example-UIKitUITests.xctest */,
			);
			name = Products;
			sourceTree = "<group>";
		};
		C9015ABA2719CA60003BC6C2 /* Example-UIKit */ = {
			isa = PBXGroup;
			children = (
				5184F30D2AC1C0AE00A34161 /* CPUUsesTest.swift */,
				8405FECD2A40A99900CC13B5 /* ANRTests.swift */,
				51F8578E2A8B6E8600B9F77F /* MemoryAllocationTest.swift */,
				51522E8F2A6042D7002D126D /* Home */,
				8405FED72A40A9F400CC13B5 /* New Group */,
				C92144C32788B291007712FC /* Application */,
				C9D79C9C28B192E7002FBB28 /* Protocols */,
				C92144C72788B7B1007712FC /* Models */,
				C92144D52788BD45007712FC /* Services */,
				C92144D22788B94D007712FC /* Views */,
				C92144C42788B2AF007712FC /* ViewControllers */,
				C92144C22788B254007712FC /* Resources */,
			);
			path = "Example-UIKit";
			sourceTree = "<group>";
		};
		C9015AD12719CA61003BC6C2 /* Example-UIKitTests */ = {
			isa = PBXGroup;
			children = (
				C9015AD22719CA61003BC6C2 /* Example_UIKitTests.swift */,
			);
			path = "Example-UIKitTests";
			sourceTree = "<group>";
		};
		C9015ADB2719CA61003BC6C2 /* Example-UIKitUITests */ = {
			isa = PBXGroup;
			children = (
				C9015ADC2719CA61003BC6C2 /* Example_UIKitUITests.swift */,
				C9015ADE2719CA61003BC6C2 /* Example_UIKitUITestsLaunchTests.swift */,
			);
			path = "Example-UIKitUITests";
			sourceTree = "<group>";
		};
		C9015AEB2719CA99003BC6C2 /* Packages */ = {
			isa = PBXGroup;
			children = (
				C9015AEC2719CA99003BC6C2 /* btt-swift-sdk */,
			);
			name = Packages;
			sourceTree = "<group>";
		};
		C9015AED2719CAFA003BC6C2 /* Frameworks */ = {
			isa = PBXGroup;
			children = (
			);
			name = Frameworks;
			sourceTree = "<group>";
		};
		C92144C22788B254007712FC /* Resources */ = {
			isa = PBXGroup;
			children = (
				C9015AC42719CA61003BC6C2 /* Assets.xcassets */,
				C9015AC62719CA61003BC6C2 /* LaunchScreen.storyboard */,
				C9015AC92719CA61003BC6C2 /* Info.plist */,
			);
			path = Resources;
			sourceTree = "<group>";
		};
		C92144C32788B291007712FC /* Application */ = {
			isa = PBXGroup;
			children = (
				C9015ABB2719CA60003BC6C2 /* AppDelegate.swift */,
				C9015ABD2719CA60003BC6C2 /* SceneDelegate.swift */,
			);
			path = Application;
			sourceTree = "<group>";
		};
		C92144C42788B2AF007712FC /* ViewControllers */ = {
			isa = PBXGroup;
			children = (
				51AB6A682D2E5DEA005F21C4 /* CPUTestsViewController.swift */,
				8405FED12A40A9C600CC13B5 /* RunTestViewController.swift */,
				8405FED22A40A9C600CC13B5 /* TestsHomeViewController.swift */,
				C9015ABF2719CA60003BC6C2 /* RootViewController.swift */,
				C9D79CB528B19F82002FBB28 /* PhotoCollectionViewController.swift */,
				C96B79BB28C6F55800BD03CD /* PhotoDetailViewController.swift */,
				51ADF3F52D2D664700E96148 /* NetworkTrackingViewController.swift */,
				51ADF3F72D2D8E5500E96148 /* MemoryWarningViewController.swift */,
			);
			path = ViewControllers;
			sourceTree = "<group>";
		};
		C92144C72788B7B1007712FC /* Models */ = {
			isa = PBXGroup;
			children = (
				C9D79C9828B1929A002FBB28 /* Album.swift */,
				C9A4146A292422DE001D2C46 /* AppError.swift */,
				C9D79C9A28B192B9002FBB28 /* Photo.swift */,
				C9D79CB728B1A2FA002FBB28 /* SingleSection.swift */,
				C9D79CB328B19F36002FBB28 /* ViewState.swift */,
			);
			path = Models;
			sourceTree = "<group>";
		};
		C92144D22788B94D007712FC /* Views */ = {
			isa = PBXGroup;
			children = (
				8405FED52A40A9D100CC13B5 /* TestsTableViewCell.swift */,
				C9D79CB128B19E36002FBB28 /* PhotoCell.swift */,
			);
			path = Views;
			sourceTree = "<group>";
		};
		C92144D52788BD45007712FC /* Services */ = {
			isa = PBXGroup;
			children = (
				C9D7E91F28C425CC00FC1C27 /* ImageLoader.swift */,
				C9D79C9F28B193C9002FBB28 /* JSONPlaceholder.swift */,
			);
			path = Services;
			sourceTree = "<group>";
		};
		C9D79C9C28B192E7002FBB28 /* Protocols */ = {
			isa = PBXGroup;
			children = (
				8405FEC92A40A97900CC13B5 /* Constants.swift */,
				C9D79C9D28B192F7002FBB28 /* PlaceholderServiceProtocol.swift */,
				8405FECB2A40A98300CC13B5 /* Utils.swift */,
				C96B79B928C6EEFD00BD03CD /* ImageLoading.swift */,
			);
			path = Protocols;
			sourceTree = "<group>";
		};
/* End PBXGroup section */

/* Begin PBXNativeTarget section */
		C9015AB72719CA60003BC6C2 /* Example-UIKit */ = {
			isa = PBXNativeTarget;
			buildConfigurationList = C9015AE22719CA61003BC6C2 /* Build configuration list for PBXNativeTarget "Example-UIKit" */;
			buildPhases = (
				C9015AB42719CA60003BC6C2 /* Sources */,
				C9015AB52719CA60003BC6C2 /* Frameworks */,
				C9015AB62719CA60003BC6C2 /* Resources */,
			);
			buildRules = (
			);
			dependencies = (
			);
			name = "Example-UIKit";
			packageProductDependencies = (
				C9015AEE2719CAFA003BC6C2 /* BlueTriangle */,
			);
			productName = "Example-UIKit";
			productReference = C9015AB82719CA60003BC6C2 /* Example-UIKit.app */;
			productType = "com.apple.product-type.application";
		};
		C9015ACD2719CA61003BC6C2 /* Example-UIKitTests */ = {
			isa = PBXNativeTarget;
			buildConfigurationList = C9015AE52719CA61003BC6C2 /* Build configuration list for PBXNativeTarget "Example-UIKitTests" */;
			buildPhases = (
				C9015ACA2719CA61003BC6C2 /* Sources */,
				C9015ACB2719CA61003BC6C2 /* Frameworks */,
				C9015ACC2719CA61003BC6C2 /* Resources */,
			);
			buildRules = (
			);
			dependencies = (
				C9015AD02719CA61003BC6C2 /* PBXTargetDependency */,
			);
			name = "Example-UIKitTests";
			productName = "Example-UIKitTests";
			productReference = C9015ACE2719CA61003BC6C2 /* Example-UIKitTests.xctest */;
			productType = "com.apple.product-type.bundle.unit-test";
		};
		C9015AD72719CA61003BC6C2 /* Example-UIKitUITests */ = {
			isa = PBXNativeTarget;
			buildConfigurationList = C9015AE82719CA61003BC6C2 /* Build configuration list for PBXNativeTarget "Example-UIKitUITests" */;
			buildPhases = (
				C9015AD42719CA61003BC6C2 /* Sources */,
				C9015AD52719CA61003BC6C2 /* Frameworks */,
				C9015AD62719CA61003BC6C2 /* Resources */,
			);
			buildRules = (
			);
			dependencies = (
				C9015ADA2719CA61003BC6C2 /* PBXTargetDependency */,
			);
			name = "Example-UIKitUITests";
			productName = "Example-UIKitUITests";
			productReference = C9015AD82719CA61003BC6C2 /* Example-UIKitUITests.xctest */;
			productType = "com.apple.product-type.bundle.ui-testing";
		};
/* End PBXNativeTarget section */

/* Begin PBXProject section */
		C9015AB02719CA60003BC6C2 /* Project object */ = {
			isa = PBXProject;
			attributes = {
				BuildIndependentTargetsInParallel = 1;
				LastSwiftUpdateCheck = 1300;
				LastUpgradeCheck = 1300;
				ORGANIZATIONNAME = "Blue Triangle";
				TargetAttributes = {
					C9015AB72719CA60003BC6C2 = {
						CreatedOnToolsVersion = 13.0;
					};
					C9015ACD2719CA61003BC6C2 = {
						CreatedOnToolsVersion = 13.0;
						TestTargetID = C9015AB72719CA60003BC6C2;
					};
					C9015AD72719CA61003BC6C2 = {
						CreatedOnToolsVersion = 13.0;
						TestTargetID = C9015AB72719CA60003BC6C2;
					};
				};
			};
			buildConfigurationList = C9015AB32719CA60003BC6C2 /* Build configuration list for PBXProject "Example-UIKit" */;
			compatibilityVersion = "Xcode 13.0";
			developmentRegion = en;
			hasScannedForEncodings = 0;
			knownRegions = (
				en,
				Base,
			);
			mainGroup = C9015AAF2719CA60003BC6C2;
			productRefGroup = C9015AB92719CA60003BC6C2 /* Products */;
			projectDirPath = "";
			projectRoot = "";
			targets = (
				C9015AB72719CA60003BC6C2 /* Example-UIKit */,
				C9015ACD2719CA61003BC6C2 /* Example-UIKitTests */,
				C9015AD72719CA61003BC6C2 /* Example-UIKitUITests */,
			);
		};
/* End PBXProject section */

/* Begin PBXResourcesBuildPhase section */
		C9015AB62719CA60003BC6C2 /* Resources */ = {
			isa = PBXResourcesBuildPhase;
			buildActionMask = 2147483647;
			files = (
				51522EDF2A6042D7002D126D /* Main_iPad.storyboard in Resources */,
				C9015AC82719CA61003BC6C2 /* LaunchScreen.storyboard in Resources */,
				8405FED02A40A9B600CC13B5 /* ANRTests.storyboard in Resources */,
				C9015AC52719CA61003BC6C2 /* Assets.xcassets in Resources */,
				51522EC62A6042D7002D126D /* Main.storyboard in Resources */,
			);
			runOnlyForDeploymentPostprocessing = 0;
		};
		C9015ACC2719CA61003BC6C2 /* Resources */ = {
			isa = PBXResourcesBuildPhase;
			buildActionMask = 2147483647;
			files = (
			);
			runOnlyForDeploymentPostprocessing = 0;
		};
		C9015AD62719CA61003BC6C2 /* Resources */ = {
			isa = PBXResourcesBuildPhase;
			buildActionMask = 2147483647;
			files = (
			);
			runOnlyForDeploymentPostprocessing = 0;
		};
/* End PBXResourcesBuildPhase section */

/* Begin PBXSourcesBuildPhase section */
		C9015AB42719CA60003BC6C2 /* Sources */ = {
			isa = PBXSourcesBuildPhase;
			buildActionMask = 2147483647;
			files = (
				51522EE12A6042D7002D126D /* Subview1PadViewController.swift in Sources */,
				C9015AC02719CA60003BC6C2 /* RootViewController.swift in Sources */,
				51522ECD2A6042D7002D126D /* TestPushViewController.swift in Sources */,
				51522EC32A6042D7002D126D /* HomeViewModel.swift in Sources */,
				C9D79CB828B1A2FA002FBB28 /* SingleSection.swift in Sources */,
				C9A4146B292422DE001D2C46 /* AppError.swift in Sources */,
				51522ED72A6042D7002D126D /* MasterViewController.swift in Sources */,
				8405FED42A40A9C600CC13B5 /* TestsHomeViewController.swift in Sources */,
				C9D7E92028C425CC00FC1C27 /* ImageLoader.swift in Sources */,
				51522EDD2A6042D7002D126D /* FirstPadViewController.swift in Sources */,
				51522ED62A6042D7002D126D /* DetailViewController.swift in Sources */,
				C9D79CA028B193C9002FBB28 /* JSONPlaceholder.swift in Sources */,
				51522EE42A6042D7002D126D /* SlidePadViewController.swift in Sources */,
				C9015ABC2719CA60003BC6C2 /* AppDelegate.swift in Sources */,
				51522EC72A6042D7002D126D /* Tab2ViewController.swift in Sources */,
				8405FECA2A40A97900CC13B5 /* Constants.swift in Sources */,
				51522EC52A6042D7002D126D /* TestFullPresentViewController.swift in Sources */,
				51ADF3F62D2D664700E96148 /* NetworkTrackingViewController.swift in Sources */,
				51ADF3F82D2D8E5500E96148 /* MemoryWarningViewController.swift in Sources */,
				51522ED52A6042D7002D126D /* TestSplitViewController.swift in Sources */,
				51522EC42A6042D7002D126D /* TestPresentViewController.swift in Sources */,
				C9015ABE2719CA60003BC6C2 /* SceneDelegate.swift in Sources */,
				51522ED12A6042D7002D126D /* PagerViewController.swift in Sources */,
				8405FECC2A40A98300CC13B5 /* Utils.swift in Sources */,
				C9D79CB228B19E36002FBB28 /* PhotoCell.swift in Sources */,
				C9D79CB628B19F82002FBB28 /* PhotoCollectionViewController.swift in Sources */,
				51522EC82A6042D7002D126D /* Tab1ViewController.swift in Sources */,
				8405FED32A40A9C600CC13B5 /* RunTestViewController.swift in Sources */,
				51522ECC2A6042D7002D126D /* SecondViewController.swift in Sources */,
				8405FECE2A40A99900CC13B5 /* ANRTests.swift in Sources */,
				8405FED62A40A9D100CC13B5 /* TestsTableViewCell.swift in Sources */,
				51522ECB2A6042D7002D126D /* TestContainerViewController.swift in Sources */,
				C96B79BA28C6EEFD00BD03CD /* ImageLoading.swift in Sources */,
				51522ECF2A6042D7002D126D /* Subview1ViewController.swift in Sources */,
				51522EDE2A6042D7002D126D /* TestPadPushViewController.swift in Sources */,
				51522EC92A6042D7002D126D /* TestTabViewController.swift in Sources */,
				C9D79CB428B19F36002FBB28 /* ViewState.swift in Sources */,
				C96B79BC28C6F55800BD03CD /* PhotoDetailViewController.swift in Sources */,
				51522ED32A6042D7002D126D /* TestPadFormSheetPresentViewController.swift in Sources */,
				C9D79C9E28B192F7002FBB28 /* PlaceholderServiceProtocol.swift in Sources */,
				51522ED92A6042D7002D126D /* Tab2PadViewController.swift in Sources */,
				51522ED02A6042D7002D126D /* Subview2ViewController.swift in Sources */,
				51F8578F2A8B6E8600B9F77F /* MemoryAllocationTest.swift in Sources */,
				51AB6A692D2E5DEA005F21C4 /* CPUTestsViewController.swift in Sources */,
				C9D79C9928B1929A002FBB28 /* Album.swift in Sources */,
				51522EE52A6042D7002D126D /* HomeViewController.swift in Sources */,
				51522ED22A6042D7002D126D /* SlideViewController.swift in Sources */,
				51522ED42A6042D7002D126D /* TestPadPresentViewController.swift in Sources */,
				51522EE22A6042D7002D126D /* TestPadSubviewViewController.swift in Sources */,
				C9D79C9B28B192B9002FBB28 /* Photo.swift in Sources */,
				51522ECE2A6042D7002D126D /* TestSubviewViewController.swift in Sources */,
				51522ED82A6042D7002D126D /* TestPadTabViewController.swift in Sources */,
				51522EE32A6042D7002D126D /* PagerPadViewController.swift in Sources */,
				51522EDA2A6042D7002D126D /* Tab1PadViewController.swift in Sources */,
				51522ECA2A6042D7002D126D /* FirstViewController.swift in Sources */,
				5184F30E2AC1C0AE00A34161 /* CPUUsesTest.swift in Sources */,
				51522EDC2A6042D7002D126D /* TestPadContainerViewController.swift in Sources */,
				51522EDB2A6042D7002D126D /* SecondPadViewController.swift in Sources */,
				51522EE02A6042D7002D126D /* Subview2PadViewController.swift in Sources */,
			);
			runOnlyForDeploymentPostprocessing = 0;
		};
		C9015ACA2719CA61003BC6C2 /* Sources */ = {
			isa = PBXSourcesBuildPhase;
			buildActionMask = 2147483647;
			files = (
				C9015AD32719CA61003BC6C2 /* Example_UIKitTests.swift in Sources */,
			);
			runOnlyForDeploymentPostprocessing = 0;
		};
		C9015AD42719CA61003BC6C2 /* Sources */ = {
			isa = PBXSourcesBuildPhase;
			buildActionMask = 2147483647;
			files = (
				C9015ADF2719CA61003BC6C2 /* Example_UIKitUITestsLaunchTests.swift in Sources */,
				C9015ADD2719CA61003BC6C2 /* Example_UIKitUITests.swift in Sources */,
			);
			runOnlyForDeploymentPostprocessing = 0;
		};
/* End PBXSourcesBuildPhase section */

/* Begin PBXTargetDependency section */
		C9015AD02719CA61003BC6C2 /* PBXTargetDependency */ = {
			isa = PBXTargetDependency;
			target = C9015AB72719CA60003BC6C2 /* Example-UIKit */;
			targetProxy = C9015ACF2719CA61003BC6C2 /* PBXContainerItemProxy */;
		};
		C9015ADA2719CA61003BC6C2 /* PBXTargetDependency */ = {
			isa = PBXTargetDependency;
			target = C9015AB72719CA60003BC6C2 /* Example-UIKit */;
			targetProxy = C9015AD92719CA61003BC6C2 /* PBXContainerItemProxy */;
		};
/* End PBXTargetDependency section */

/* Begin PBXVariantGroup section */
		51522E952A6042D7002D126D /* Main.storyboard */ = {
			isa = PBXVariantGroup;
			children = (
				51522E962A6042D7002D126D /* Base */,
			);
			name = Main.storyboard;
			sourceTree = "<group>";
		};
		C9015AC62719CA61003BC6C2 /* LaunchScreen.storyboard */ = {
			isa = PBXVariantGroup;
			children = (
				C9015AC72719CA61003BC6C2 /* Base */,
			);
			name = LaunchScreen.storyboard;
			sourceTree = "<group>";
		};
/* End PBXVariantGroup section */

/* Begin XCBuildConfiguration section */
		C9015AE02719CA61003BC6C2 /* Debug */ = {
			isa = XCBuildConfiguration;
			buildSettings = {
				ALWAYS_SEARCH_USER_PATHS = NO;
				CLANG_ANALYZER_NONNULL = YES;
				CLANG_ANALYZER_NUMBER_OBJECT_CONVERSION = YES_AGGRESSIVE;
				CLANG_CXX_LANGUAGE_STANDARD = "gnu++17";
				CLANG_CXX_LIBRARY = "libc++";
				CLANG_ENABLE_MODULES = YES;
				CLANG_ENABLE_OBJC_ARC = YES;
				CLANG_ENABLE_OBJC_WEAK = YES;
				CLANG_WARN_BLOCK_CAPTURE_AUTORELEASING = YES;
				CLANG_WARN_BOOL_CONVERSION = YES;
				CLANG_WARN_COMMA = YES;
				CLANG_WARN_CONSTANT_CONVERSION = YES;
				CLANG_WARN_DEPRECATED_OBJC_IMPLEMENTATIONS = YES;
				CLANG_WARN_DIRECT_OBJC_ISA_USAGE = YES_ERROR;
				CLANG_WARN_DOCUMENTATION_COMMENTS = YES;
				CLANG_WARN_EMPTY_BODY = YES;
				CLANG_WARN_ENUM_CONVERSION = YES;
				CLANG_WARN_INFINITE_RECURSION = YES;
				CLANG_WARN_INT_CONVERSION = YES;
				CLANG_WARN_NON_LITERAL_NULL_CONVERSION = YES;
				CLANG_WARN_OBJC_IMPLICIT_RETAIN_SELF = YES;
				CLANG_WARN_OBJC_LITERAL_CONVERSION = YES;
				CLANG_WARN_OBJC_ROOT_CLASS = YES_ERROR;
				CLANG_WARN_QUOTED_INCLUDE_IN_FRAMEWORK_HEADER = YES;
				CLANG_WARN_RANGE_LOOP_ANALYSIS = YES;
				CLANG_WARN_STRICT_PROTOTYPES = YES;
				CLANG_WARN_SUSPICIOUS_MOVE = YES;
				CLANG_WARN_UNGUARDED_AVAILABILITY = YES_AGGRESSIVE;
				CLANG_WARN_UNREACHABLE_CODE = YES;
				CLANG_WARN__DUPLICATE_METHOD_MATCH = YES;
				COPY_PHASE_STRIP = NO;
				DEBUG_INFORMATION_FORMAT = dwarf;
				ENABLE_STRICT_OBJC_MSGSEND = YES;
				ENABLE_TESTABILITY = YES;
				GCC_C_LANGUAGE_STANDARD = gnu11;
				GCC_DYNAMIC_NO_PIC = NO;
				GCC_NO_COMMON_BLOCKS = YES;
				GCC_OPTIMIZATION_LEVEL = 0;
				GCC_PREPROCESSOR_DEFINITIONS = (
					"DEBUG=1",
					"$(inherited)",
				);
				GCC_WARN_64_TO_32_BIT_CONVERSION = YES;
				GCC_WARN_ABOUT_RETURN_TYPE = YES_ERROR;
				GCC_WARN_UNDECLARED_SELECTOR = YES;
				GCC_WARN_UNINITIALIZED_AUTOS = YES_AGGRESSIVE;
				GCC_WARN_UNUSED_FUNCTION = YES;
				GCC_WARN_UNUSED_VARIABLE = YES;
				IPHONEOS_DEPLOYMENT_TARGET = 15.0;
				MTL_ENABLE_DEBUG_INFO = INCLUDE_SOURCE;
				MTL_FAST_MATH = YES;
				ONLY_ACTIVE_ARCH = YES;
				SDKROOT = iphoneos;
				SWIFT_ACTIVE_COMPILATION_CONDITIONS = DEBUG;
				SWIFT_OPTIMIZATION_LEVEL = "-Onone";
				SWIFT_STRICT_CONCURRENCY = complete;
				SWIFT_VERSION = 6.0;
			};
			name = Debug;
		};
		C9015AE12719CA61003BC6C2 /* Release */ = {
			isa = XCBuildConfiguration;
			buildSettings = {
				ALWAYS_SEARCH_USER_PATHS = NO;
				CLANG_ANALYZER_NONNULL = YES;
				CLANG_ANALYZER_NUMBER_OBJECT_CONVERSION = YES_AGGRESSIVE;
				CLANG_CXX_LANGUAGE_STANDARD = "gnu++17";
				CLANG_CXX_LIBRARY = "libc++";
				CLANG_ENABLE_MODULES = YES;
				CLANG_ENABLE_OBJC_ARC = YES;
				CLANG_ENABLE_OBJC_WEAK = YES;
				CLANG_WARN_BLOCK_CAPTURE_AUTORELEASING = YES;
				CLANG_WARN_BOOL_CONVERSION = YES;
				CLANG_WARN_COMMA = YES;
				CLANG_WARN_CONSTANT_CONVERSION = YES;
				CLANG_WARN_DEPRECATED_OBJC_IMPLEMENTATIONS = YES;
				CLANG_WARN_DIRECT_OBJC_ISA_USAGE = YES_ERROR;
				CLANG_WARN_DOCUMENTATION_COMMENTS = YES;
				CLANG_WARN_EMPTY_BODY = YES;
				CLANG_WARN_ENUM_CONVERSION = YES;
				CLANG_WARN_INFINITE_RECURSION = YES;
				CLANG_WARN_INT_CONVERSION = YES;
				CLANG_WARN_NON_LITERAL_NULL_CONVERSION = YES;
				CLANG_WARN_OBJC_IMPLICIT_RETAIN_SELF = YES;
				CLANG_WARN_OBJC_LITERAL_CONVERSION = YES;
				CLANG_WARN_OBJC_ROOT_CLASS = YES_ERROR;
				CLANG_WARN_QUOTED_INCLUDE_IN_FRAMEWORK_HEADER = YES;
				CLANG_WARN_RANGE_LOOP_ANALYSIS = YES;
				CLANG_WARN_STRICT_PROTOTYPES = YES;
				CLANG_WARN_SUSPICIOUS_MOVE = YES;
				CLANG_WARN_UNGUARDED_AVAILABILITY = YES_AGGRESSIVE;
				CLANG_WARN_UNREACHABLE_CODE = YES;
				CLANG_WARN__DUPLICATE_METHOD_MATCH = YES;
				COPY_PHASE_STRIP = NO;
				DEBUG_INFORMATION_FORMAT = "dwarf-with-dsym";
				ENABLE_NS_ASSERTIONS = NO;
				ENABLE_STRICT_OBJC_MSGSEND = YES;
				GCC_C_LANGUAGE_STANDARD = gnu11;
				GCC_NO_COMMON_BLOCKS = YES;
				GCC_WARN_64_TO_32_BIT_CONVERSION = YES;
				GCC_WARN_ABOUT_RETURN_TYPE = YES_ERROR;
				GCC_WARN_UNDECLARED_SELECTOR = YES;
				GCC_WARN_UNINITIALIZED_AUTOS = YES_AGGRESSIVE;
				GCC_WARN_UNUSED_FUNCTION = YES;
				GCC_WARN_UNUSED_VARIABLE = YES;
				IPHONEOS_DEPLOYMENT_TARGET = 15.0;
				MTL_ENABLE_DEBUG_INFO = NO;
				MTL_FAST_MATH = YES;
				SDKROOT = iphoneos;
				SWIFT_COMPILATION_MODE = wholemodule;
				SWIFT_OPTIMIZATION_LEVEL = "-O";
				SWIFT_STRICT_CONCURRENCY = complete;
				SWIFT_VERSION = 6.0;
				VALIDATE_PRODUCT = YES;
			};
			name = Release;
		};
		C9015AE32719CA61003BC6C2 /* Debug */ = {
			isa = XCBuildConfiguration;
			buildSettings = {
				ASSETCATALOG_COMPILER_APPICON_NAME = AppIcon;
				ASSETCATALOG_COMPILER_GLOBAL_ACCENT_COLOR_NAME = AccentColor;
				CODE_SIGN_STYLE = Automatic;
				CURRENT_PROJECT_VERSION = 1;
				DEVELOPMENT_TEAM = RFX6NF2RC6;
				GENERATE_INFOPLIST_FILE = YES;
				INFOPLIST_FILE = "Example-UIKit/Resources/Info.plist";
				INFOPLIST_KEY_UIApplicationSupportsIndirectInputEvents = YES;
				INFOPLIST_KEY_UILaunchStoryboardName = Resources/LaunchScreen;
				INFOPLIST_KEY_UISupportedInterfaceOrientations_iPad = "UIInterfaceOrientationPortrait UIInterfaceOrientationPortraitUpsideDown UIInterfaceOrientationLandscapeLeft UIInterfaceOrientationLandscapeRight";
				INFOPLIST_KEY_UISupportedInterfaceOrientations_iPhone = "UIInterfaceOrientationPortrait UIInterfaceOrientationLandscapeLeft UIInterfaceOrientationLandscapeRight";
				IPHONEOS_DEPLOYMENT_TARGET = 15.0;
				LD_RUNPATH_SEARCH_PATHS = (
					"$(inherited)",
					"@executable_path/Frameworks",
				);
				MARKETING_VERSION = 1.0;
				OTHER_SWIFT_FLAGS = "";
				PRODUCT_BUNDLE_IDENTIFIER = "com.bluetriangle.Example-UIKit";
				PRODUCT_NAME = "$(TARGET_NAME)";
				SWIFT_EMIT_LOC_STRINGS = YES;
				SWIFT_STRICT_CONCURRENCY = complete;
				SWIFT_VERSION = 6.0;
				TARGETED_DEVICE_FAMILY = "1,2";
			};
			name = Debug;
		};
		C9015AE42719CA61003BC6C2 /* Release */ = {
			isa = XCBuildConfiguration;
			buildSettings = {
				ASSETCATALOG_COMPILER_APPICON_NAME = AppIcon;
				ASSETCATALOG_COMPILER_GLOBAL_ACCENT_COLOR_NAME = AccentColor;
				CODE_SIGN_STYLE = Automatic;
				CURRENT_PROJECT_VERSION = 1;
				DEVELOPMENT_TEAM = RFX6NF2RC6;
				GENERATE_INFOPLIST_FILE = YES;
				INFOPLIST_FILE = "Example-UIKit/Resources/Info.plist";
				INFOPLIST_KEY_UIApplicationSupportsIndirectInputEvents = YES;
				INFOPLIST_KEY_UILaunchStoryboardName = Resources/LaunchScreen;
				INFOPLIST_KEY_UISupportedInterfaceOrientations_iPad = "UIInterfaceOrientationPortrait UIInterfaceOrientationPortraitUpsideDown UIInterfaceOrientationLandscapeLeft UIInterfaceOrientationLandscapeRight";
				INFOPLIST_KEY_UISupportedInterfaceOrientations_iPhone = "UIInterfaceOrientationPortrait UIInterfaceOrientationLandscapeLeft UIInterfaceOrientationLandscapeRight";
				IPHONEOS_DEPLOYMENT_TARGET = 15.0;
				LD_RUNPATH_SEARCH_PATHS = (
					"$(inherited)",
					"@executable_path/Frameworks",
				);
				MARKETING_VERSION = 1.0;
				OTHER_SWIFT_FLAGS = "";
				PRODUCT_BUNDLE_IDENTIFIER = "com.bluetriangle.Example-UIKit";
				PRODUCT_NAME = "$(TARGET_NAME)";
				SWIFT_EMIT_LOC_STRINGS = YES;
				SWIFT_STRICT_CONCURRENCY = complete;
				SWIFT_VERSION = 6.0;
				TARGETED_DEVICE_FAMILY = "1,2";
			};
			name = Release;
		};
		C9015AE62719CA61003BC6C2 /* Debug */ = {
			isa = XCBuildConfiguration;
			buildSettings = {
				ALWAYS_EMBED_SWIFT_STANDARD_LIBRARIES = YES;
				BUNDLE_LOADER = "$(TEST_HOST)";
				CODE_SIGN_STYLE = Automatic;
				CURRENT_PROJECT_VERSION = 1;
				DEVELOPMENT_TEAM = 2PMX4WLK83;
				GENERATE_INFOPLIST_FILE = YES;
				IPHONEOS_DEPLOYMENT_TARGET = 15.0;
				LD_RUNPATH_SEARCH_PATHS = (
					"$(inherited)",
					"@executable_path/Frameworks",
					"@loader_path/Frameworks",
				);
				MARKETING_VERSION = 1.0;
				PRODUCT_BUNDLE_IDENTIFIER = "com.bluetriangle.Example-UIKitTests";
				PRODUCT_NAME = "$(TARGET_NAME)";
				SWIFT_EMIT_LOC_STRINGS = NO;
				SWIFT_VERSION = 6.0;
				TARGETED_DEVICE_FAMILY = "1,2";
				TEST_HOST = "$(BUILT_PRODUCTS_DIR)/Example-UIKit.app/Example-UIKit";
			};
			name = Debug;
		};
		C9015AE72719CA61003BC6C2 /* Release */ = {
			isa = XCBuildConfiguration;
			buildSettings = {
				ALWAYS_EMBED_SWIFT_STANDARD_LIBRARIES = YES;
				BUNDLE_LOADER = "$(TEST_HOST)";
				CODE_SIGN_STYLE = Automatic;
				CURRENT_PROJECT_VERSION = 1;
				DEVELOPMENT_TEAM = 2PMX4WLK83;
				GENERATE_INFOPLIST_FILE = YES;
				IPHONEOS_DEPLOYMENT_TARGET = 15.0;
				LD_RUNPATH_SEARCH_PATHS = (
					"$(inherited)",
					"@executable_path/Frameworks",
					"@loader_path/Frameworks",
				);
				MARKETING_VERSION = 1.0;
				PRODUCT_BUNDLE_IDENTIFIER = "com.bluetriangle.Example-UIKitTests";
				PRODUCT_NAME = "$(TARGET_NAME)";
				SWIFT_EMIT_LOC_STRINGS = NO;
				SWIFT_VERSION = 6.0;
				TARGETED_DEVICE_FAMILY = "1,2";
				TEST_HOST = "$(BUILT_PRODUCTS_DIR)/Example-UIKit.app/Example-UIKit";
			};
			name = Release;
		};
		C9015AE92719CA61003BC6C2 /* Debug */ = {
			isa = XCBuildConfiguration;
			buildSettings = {
				ALWAYS_EMBED_SWIFT_STANDARD_LIBRARIES = YES;
				CODE_SIGN_STYLE = Automatic;
				CURRENT_PROJECT_VERSION = 1;
				DEVELOPMENT_TEAM = 2PMX4WLK83;
				GENERATE_INFOPLIST_FILE = YES;
				LD_RUNPATH_SEARCH_PATHS = (
					"$(inherited)",
					"@executable_path/Frameworks",
					"@loader_path/Frameworks",
				);
				MARKETING_VERSION = 1.0;
				PRODUCT_BUNDLE_IDENTIFIER = "com.bluetriangle.Example-UIKitUITests";
				PRODUCT_NAME = "$(TARGET_NAME)";
				SWIFT_EMIT_LOC_STRINGS = NO;
				SWIFT_VERSION = 6.0;
				TARGETED_DEVICE_FAMILY = "1,2";
				TEST_TARGET_NAME = "Example-UIKit";
			};
			name = Debug;
		};
		C9015AEA2719CA61003BC6C2 /* Release */ = {
			isa = XCBuildConfiguration;
			buildSettings = {
				ALWAYS_EMBED_SWIFT_STANDARD_LIBRARIES = YES;
				CODE_SIGN_STYLE = Automatic;
				CURRENT_PROJECT_VERSION = 1;
				DEVELOPMENT_TEAM = 2PMX4WLK83;
				GENERATE_INFOPLIST_FILE = YES;
				LD_RUNPATH_SEARCH_PATHS = (
					"$(inherited)",
					"@executable_path/Frameworks",
					"@loader_path/Frameworks",
				);
				MARKETING_VERSION = 1.0;
				PRODUCT_BUNDLE_IDENTIFIER = "com.bluetriangle.Example-UIKitUITests";
				PRODUCT_NAME = "$(TARGET_NAME)";
				SWIFT_EMIT_LOC_STRINGS = NO;
				SWIFT_VERSION = 6.0;
				TARGETED_DEVICE_FAMILY = "1,2";
				TEST_TARGET_NAME = "Example-UIKit";
			};
			name = Release;
		};
/* End XCBuildConfiguration section */

/* Begin XCConfigurationList section */
		C9015AB32719CA60003BC6C2 /* Build configuration list for PBXProject "Example-UIKit" */ = {
			isa = XCConfigurationList;
			buildConfigurations = (
				C9015AE02719CA61003BC6C2 /* Debug */,
				C9015AE12719CA61003BC6C2 /* Release */,
			);
			defaultConfigurationIsVisible = 0;
			defaultConfigurationName = Release;
		};
		C9015AE22719CA61003BC6C2 /* Build configuration list for PBXNativeTarget "Example-UIKit" */ = {
			isa = XCConfigurationList;
			buildConfigurations = (
				C9015AE32719CA61003BC6C2 /* Debug */,
				C9015AE42719CA61003BC6C2 /* Release */,
			);
			defaultConfigurationIsVisible = 0;
			defaultConfigurationName = Release;
		};
		C9015AE52719CA61003BC6C2 /* Build configuration list for PBXNativeTarget "Example-UIKitTests" */ = {
			isa = XCConfigurationList;
			buildConfigurations = (
				C9015AE62719CA61003BC6C2 /* Debug */,
				C9015AE72719CA61003BC6C2 /* Release */,
			);
			defaultConfigurationIsVisible = 0;
			defaultConfigurationName = Release;
		};
		C9015AE82719CA61003BC6C2 /* Build configuration list for PBXNativeTarget "Example-UIKitUITests" */ = {
			isa = XCConfigurationList;
			buildConfigurations = (
				C9015AE92719CA61003BC6C2 /* Debug */,
				C9015AEA2719CA61003BC6C2 /* Release */,
			);
			defaultConfigurationIsVisible = 0;
			defaultConfigurationName = Release;
		};
/* End XCConfigurationList section */

/* Begin XCSwiftPackageProductDependency section */
		C9015AEE2719CAFA003BC6C2 /* BlueTriangle */ = {
			isa = XCSwiftPackageProductDependency;
			productName = BlueTriangle;
		};
/* End XCSwiftPackageProductDependency section */
	};
	rootObject = C9015AB02719CA60003BC6C2 /* Project object */;
}
