// !$*UTF8*$!
{
	archiveVersion = 1;
	classes = {
	};
	objectVersion = 56;
	objects = {

/* Begin PBXBuildFile section */
		C91C599D2927E1E000A20136 /* CartModel.swift in Sources */ = {isa = PBXBuildFile; fileRef = C91C599C2927E1E000A20136 /* CartModel.swift */; };
		C91C599F2927E1FD00A20136 /* CartItemModel.swift in Sources */ = {isa = PBXBuildFile; fileRef = C91C599E2927E1FD00A20136 /* CartItemModel.swift */; };
		C91C59A12928017B00A20136 /* String+LocalizedError.swift in Sources */ = {isa = PBXBuildFile; fileRef = C91C59A02928017B00A20136 /* String+LocalizedError.swift */; };
		C93FCCB729100D9C00633487 /* PrimaryButtonStyle.swift in Sources */ = {isa = PBXBuildFile; fileRef = C93FCCB629100D9C00633487 /* PrimaryButtonStyle.swift */; };
		C93FCCB929103A7E00633487 /* CartItemRow.swift in Sources */ = {isa = PBXBuildFile; fileRef = C93FCCB829103A7E00633487 /* CartItemRow.swift */; };
		C94BF00C290ADBF0007E1C25 /* ProductListView.swift in Sources */ = {isa = PBXBuildFile; fileRef = C94BF00B290ADBF0007E1C25 /* ProductListView.swift */; };
		C94BF00E290ADC02007E1C25 /* ProductDetailView.swift in Sources */ = {isa = PBXBuildFile; fileRef = C94BF00D290ADC02007E1C25 /* ProductDetailView.swift */; };
		C94BF011290ADC20007E1C25 /* ProductCell.swift in Sources */ = {isa = PBXBuildFile; fileRef = C94BF010290ADC20007E1C25 /* ProductCell.swift */; };
		C94BF015290AE2FC007E1C25 /* Service in Frameworks */ = {isa = PBXBuildFile; productRef = C94BF014290AE2FC007E1C25 /* Service */; };
		C94BF019290AE519007E1C25 /* TabContainerView.swift in Sources */ = {isa = PBXBuildFile; fileRef = C94BF018290AE519007E1C25 /* TabContainerView.swift */; };
		C94BF01B290AE580007E1C25 /* CartView.swift in Sources */ = {isa = PBXBuildFile; fileRef = C94BF01A290AE580007E1C25 /* CartView.swift */; };
		C94BF01D290AE58A007E1C25 /* SettingsView.swift in Sources */ = {isa = PBXBuildFile; fileRef = C94BF01C290AE58A007E1C25 /* SettingsView.swift */; };
		C94BF020290AE5FF007E1C25 /* ProductListViewModel.swift in Sources */ = {isa = PBXBuildFile; fileRef = C94BF01F290AE5FF007E1C25 /* ProductListViewModel.swift */; };
		C94BF022290AE61C007E1C25 /* SettingsViewModel.swift in Sources */ = {isa = PBXBuildFile; fileRef = C94BF021290AE61C007E1C25 /* SettingsViewModel.swift */; };
		C94BF024290AE9C0007E1C25 /* ProductDetailViewModel.swift in Sources */ = {isa = PBXBuildFile; fileRef = C94BF023290AE9C0007E1C25 /* ProductDetailViewModel.swift */; };
		C94BF026290AE9DB007E1C25 /* CartViewModel.swift in Sources */ = {isa = PBXBuildFile; fileRef = C94BF025290AE9DB007E1C25 /* CartViewModel.swift */; };
		C94BF029290B1018007E1C25 /* Collection+Utils.swift in Sources */ = {isa = PBXBuildFile; fileRef = C94BF028290B1018007E1C25 /* Collection+Utils.swift */; };
		C94BF02B290B1803007E1C25 /* CheckoutView.swift in Sources */ = {isa = PBXBuildFile; fileRef = C94BF02A290B1802007E1C25 /* CheckoutView.swift */; };
		C94BF02D290B1825007E1C25 /* CheckoutViewModel.swift in Sources */ = {isa = PBXBuildFile; fileRef = C94BF02C290B1825007E1C25 /* CheckoutViewModel.swift */; };
		C97930B5294A598200605CC9 /* Service+BTT.swift in Sources */ = {isa = PBXBuildFile; fileRef = C97930B4294A598200605CC9 /* Service+BTT.swift */; };
		C9B637D1290B26A6006E5F90 /* View+ErrorAlert.swift in Sources */ = {isa = PBXBuildFile; fileRef = C9B637D0290B26A6006E5F90 /* View+ErrorAlert.swift */; };
		C9C7D88F2939029C00950C55 /* LineItemRow.swift in Sources */ = {isa = PBXBuildFile; fileRef = C9C7D88E2939029C00950C55 /* LineItemRow.swift */; };
		C9C7D891293930E900950C55 /* ImageLoader.swift in Sources */ = {isa = PBXBuildFile; fileRef = C9C7D890293930E900950C55 /* ImageLoader.swift */; };
		C9C7D8932939315D00950C55 /* RemoteImage.swift in Sources */ = {isa = PBXBuildFile; fileRef = C9C7D8922939315D00950C55 /* RemoteImage.swift */; };
		C9C7D895293E417300950C55 /* UIColor+Utils.swift in Sources */ = {isa = PBXBuildFile; fileRef = C9C7D894293E417300950C55 /* UIColor+Utils.swift */; };
		C9D83EA4294FE78600330F33 /* Configuration.swift in Sources */ = {isa = PBXBuildFile; fileRef = C9D83EA3294FE78600330F33 /* Configuration.swift */; };
		C9E1141A291421F00031E874 /* IdentifiedCollections in Frameworks */ = {isa = PBXBuildFile; productRef = C9E11419291421F00031E874 /* IdentifiedCollections */; };
		C9E1141C291425340031E874 /* CartRepository.swift in Sources */ = {isa = PBXBuildFile; fileRef = C9E1141B291425340031E874 /* CartRepository.swift */; };
		C9F4A4162900DB6100BCDF3E /* ExampleApp.swift in Sources */ = {isa = PBXBuildFile; fileRef = C9F4A4152900DB6100BCDF3E /* ExampleApp.swift */; };
		C9F4A41A2900DB6200BCDF3E /* Assets.xcassets in Resources */ = {isa = PBXBuildFile; fileRef = C9F4A4192900DB6200BCDF3E /* Assets.xcassets */; };
		C9F4A41D2900DB6200BCDF3E /* Preview Assets.xcassets in Resources */ = {isa = PBXBuildFile; fileRef = C9F4A41C2900DB6200BCDF3E /* Preview Assets.xcassets */; };
		C9F4A4272900DB6200BCDF3E /* Example_SwiftUITests.swift in Sources */ = {isa = PBXBuildFile; fileRef = C9F4A4262900DB6200BCDF3E /* Example_SwiftUITests.swift */; };
		C9F4A4312900DB6200BCDF3E /* Example_SwiftUIUITests.swift in Sources */ = {isa = PBXBuildFile; fileRef = C9F4A4302900DB6200BCDF3E /* Example_SwiftUIUITests.swift */; };
		C9F4A4332900DB6200BCDF3E /* Example_SwiftUIUITestsLaunchTests.swift in Sources */ = {isa = PBXBuildFile; fileRef = C9F4A4322900DB6200BCDF3E /* Example_SwiftUIUITestsLaunchTests.swift */; };
		C9F4A4452900DDE900BCDF3E /* Constants.swift in Sources */ = {isa = PBXBuildFile; fileRef = C9F4A4442900DDE900BCDF3E /* Constants.swift */; };
		C9F4A4482900DE8400BCDF3E /* BlueTriangle in Frameworks */ = {isa = PBXBuildFile; productRef = C9F4A4472900DE8400BCDF3E /* BlueTriangle */; };
/* End PBXBuildFile section */

/* Begin PBXContainerItemProxy section */
		C9F4A4232900DB6200BCDF3E /* PBXContainerItemProxy */ = {
			isa = PBXContainerItemProxy;
			containerPortal = C9F4A40A2900DB6100BCDF3E /* Project object */;
			proxyType = 1;
			remoteGlobalIDString = C9F4A4112900DB6100BCDF3E;
			remoteInfo = "Example-SwiftUI";
		};
		C9F4A42D2900DB6200BCDF3E /* PBXContainerItemProxy */ = {
			isa = PBXContainerItemProxy;
			containerPortal = C9F4A40A2900DB6100BCDF3E /* Project object */;
			proxyType = 1;
			remoteGlobalIDString = C9F4A4112900DB6100BCDF3E;
			remoteInfo = "Example-SwiftUI";
		};
/* End PBXContainerItemProxy section */

/* Begin PBXFileReference section */
		C91C599C2927E1E000A20136 /* CartModel.swift */ = {isa = PBXFileReference; lastKnownFileType = sourcecode.swift; path = CartModel.swift; sourceTree = "<group>"; };
		C91C599E2927E1FD00A20136 /* CartItemModel.swift */ = {isa = PBXFileReference; lastKnownFileType = sourcecode.swift; path = CartItemModel.swift; sourceTree = "<group>"; };
		C91C59A02928017B00A20136 /* String+LocalizedError.swift */ = {isa = PBXFileReference; lastKnownFileType = sourcecode.swift; path = "String+LocalizedError.swift"; sourceTree = "<group>"; };
		C93FCCB629100D9C00633487 /* PrimaryButtonStyle.swift */ = {isa = PBXFileReference; lastKnownFileType = sourcecode.swift; path = PrimaryButtonStyle.swift; sourceTree = "<group>"; };
		C93FCCB829103A7E00633487 /* CartItemRow.swift */ = {isa = PBXFileReference; lastKnownFileType = sourcecode.swift; path = CartItemRow.swift; sourceTree = "<group>"; };
		C94BF00B290ADBF0007E1C25 /* ProductListView.swift */ = {isa = PBXFileReference; lastKnownFileType = sourcecode.swift; path = ProductListView.swift; sourceTree = "<group>"; };
		C94BF00D290ADC02007E1C25 /* ProductDetailView.swift */ = {isa = PBXFileReference; lastKnownFileType = sourcecode.swift; path = ProductDetailView.swift; sourceTree = "<group>"; };
		C94BF010290ADC20007E1C25 /* ProductCell.swift */ = {isa = PBXFileReference; lastKnownFileType = sourcecode.swift; path = ProductCell.swift; sourceTree = "<group>"; };
		C94BF018290AE519007E1C25 /* TabContainerView.swift */ = {isa = PBXFileReference; lastKnownFileType = sourcecode.swift; path = TabContainerView.swift; sourceTree = "<group>"; };
		C94BF01A290AE580007E1C25 /* CartView.swift */ = {isa = PBXFileReference; lastKnownFileType = sourcecode.swift; path = CartView.swift; sourceTree = "<group>"; };
		C94BF01C290AE58A007E1C25 /* SettingsView.swift */ = {isa = PBXFileReference; lastKnownFileType = sourcecode.swift; path = SettingsView.swift; sourceTree = "<group>"; };
		C94BF01F290AE5FF007E1C25 /* ProductListViewModel.swift */ = {isa = PBXFileReference; lastKnownFileType = sourcecode.swift; path = ProductListViewModel.swift; sourceTree = "<group>"; };
		C94BF021290AE61C007E1C25 /* SettingsViewModel.swift */ = {isa = PBXFileReference; lastKnownFileType = sourcecode.swift; path = SettingsViewModel.swift; sourceTree = "<group>"; };
		C94BF023290AE9C0007E1C25 /* ProductDetailViewModel.swift */ = {isa = PBXFileReference; lastKnownFileType = sourcecode.swift; path = ProductDetailViewModel.swift; sourceTree = "<group>"; };
		C94BF025290AE9DB007E1C25 /* CartViewModel.swift */ = {isa = PBXFileReference; lastKnownFileType = sourcecode.swift; path = CartViewModel.swift; sourceTree = "<group>"; };
		C94BF028290B1018007E1C25 /* Collection+Utils.swift */ = {isa = PBXFileReference; lastKnownFileType = sourcecode.swift; path = "Collection+Utils.swift"; sourceTree = "<group>"; };
		C94BF02A290B1802007E1C25 /* CheckoutView.swift */ = {isa = PBXFileReference; lastKnownFileType = sourcecode.swift; path = CheckoutView.swift; sourceTree = "<group>"; };
		C94BF02C290B1825007E1C25 /* CheckoutViewModel.swift */ = {isa = PBXFileReference; lastKnownFileType = sourcecode.swift; path = CheckoutViewModel.swift; sourceTree = "<group>"; };
		C97930B4294A598200605CC9 /* Service+BTT.swift */ = {isa = PBXFileReference; lastKnownFileType = sourcecode.swift; path = "Service+BTT.swift"; sourceTree = "<group>"; };
		C9B637D0290B26A6006E5F90 /* View+ErrorAlert.swift */ = {isa = PBXFileReference; lastKnownFileType = sourcecode.swift; path = "View+ErrorAlert.swift"; sourceTree = "<group>"; };
		C9C7D88E2939029C00950C55 /* LineItemRow.swift */ = {isa = PBXFileReference; lastKnownFileType = sourcecode.swift; path = LineItemRow.swift; sourceTree = "<group>"; };
		C9C7D890293930E900950C55 /* ImageLoader.swift */ = {isa = PBXFileReference; fileEncoding = 4; lastKnownFileType = sourcecode.swift; name = ImageLoader.swift; path = "Example-SwiftUI/ImageLoader.swift"; sourceTree = SOURCE_ROOT; };
		C9C7D8922939315D00950C55 /* RemoteImage.swift */ = {isa = PBXFileReference; fileEncoding = 4; lastKnownFileType = sourcecode.swift; path = RemoteImage.swift; sourceTree = "<group>"; };
		C9C7D894293E417300950C55 /* UIColor+Utils.swift */ = {isa = PBXFileReference; lastKnownFileType = sourcecode.swift; path = "UIColor+Utils.swift"; sourceTree = "<group>"; };
		C9D83EA2294FE54700330F33 /* Config.xcconfig */ = {isa = PBXFileReference; lastKnownFileType = text.xcconfig; path = Config.xcconfig; sourceTree = "<group>"; };
		C9D83EA3294FE78600330F33 /* Configuration.swift */ = {isa = PBXFileReference; lastKnownFileType = sourcecode.swift; path = Configuration.swift; sourceTree = "<group>"; };
		C9D83EA5294FEA9C00330F33 /* Info.plist */ = {isa = PBXFileReference; lastKnownFileType = text.plist; path = Info.plist; sourceTree = "<group>"; };
		C9E1141B291425340031E874 /* CartRepository.swift */ = {isa = PBXFileReference; lastKnownFileType = sourcecode.swift; path = CartRepository.swift; sourceTree = "<group>"; };
		C9F4A4122900DB6100BCDF3E /* Example-SwiftUI.app */ = {isa = PBXFileReference; explicitFileType = wrapper.application; includeInIndex = 0; path = "Example-SwiftUI.app"; sourceTree = BUILT_PRODUCTS_DIR; };
		C9F4A4152900DB6100BCDF3E /* ExampleApp.swift */ = {isa = PBXFileReference; lastKnownFileType = sourcecode.swift; path = ExampleApp.swift; sourceTree = "<group>"; };
		C9F4A4192900DB6200BCDF3E /* Assets.xcassets */ = {isa = PBXFileReference; lastKnownFileType = folder.assetcatalog; path = Assets.xcassets; sourceTree = "<group>"; };
		C9F4A41C2900DB6200BCDF3E /* Preview Assets.xcassets */ = {isa = PBXFileReference; lastKnownFileType = folder.assetcatalog; path = "Preview Assets.xcassets"; sourceTree = "<group>"; };
		C9F4A4222900DB6200BCDF3E /* Example-SwiftUITests.xctest */ = {isa = PBXFileReference; explicitFileType = wrapper.cfbundle; includeInIndex = 0; path = "Example-SwiftUITests.xctest"; sourceTree = BUILT_PRODUCTS_DIR; };
		C9F4A4262900DB6200BCDF3E /* Example_SwiftUITests.swift */ = {isa = PBXFileReference; lastKnownFileType = sourcecode.swift; path = Example_SwiftUITests.swift; sourceTree = "<group>"; };
		C9F4A42C2900DB6200BCDF3E /* Example-SwiftUIUITests.xctest */ = {isa = PBXFileReference; explicitFileType = wrapper.cfbundle; includeInIndex = 0; path = "Example-SwiftUIUITests.xctest"; sourceTree = BUILT_PRODUCTS_DIR; };
		C9F4A4302900DB6200BCDF3E /* Example_SwiftUIUITests.swift */ = {isa = PBXFileReference; lastKnownFileType = sourcecode.swift; path = Example_SwiftUIUITests.swift; sourceTree = "<group>"; };
		C9F4A4322900DB6200BCDF3E /* Example_SwiftUIUITestsLaunchTests.swift */ = {isa = PBXFileReference; lastKnownFileType = sourcecode.swift; path = Example_SwiftUIUITestsLaunchTests.swift; sourceTree = "<group>"; };
		C9F4A4412900DC9900BCDF3E /* btt-swift-sdk */ = {isa = PBXFileReference; lastKnownFileType = wrapper; name = "btt-swift-sdk"; path = ../..; sourceTree = "<group>"; };
		C9F4A4442900DDE900BCDF3E /* Constants.swift */ = {isa = PBXFileReference; lastKnownFileType = sourcecode.swift; path = Constants.swift; sourceTree = "<group>"; };
		C9F4A4492900DFE300BCDF3E /* Service */ = {isa = PBXFileReference; lastKnownFileType = wrapper; name = Service; path = Packages/Service; sourceTree = "<group>"; };
/* End PBXFileReference section */

/* Begin PBXFrameworksBuildPhase section */
		C9F4A40F2900DB6100BCDF3E /* Frameworks */ = {
			isa = PBXFrameworksBuildPhase;
			buildActionMask = 2147483647;
			files = (
				C9E1141A291421F00031E874 /* IdentifiedCollections in Frameworks */,
				C94BF015290AE2FC007E1C25 /* Service in Frameworks */,
				C9F4A4482900DE8400BCDF3E /* BlueTriangle in Frameworks */,
			);
			runOnlyForDeploymentPostprocessing = 0;
		};
		C9F4A41F2900DB6200BCDF3E /* Frameworks */ = {
			isa = PBXFrameworksBuildPhase;
			buildActionMask = 2147483647;
			files = (
			);
			runOnlyForDeploymentPostprocessing = 0;
		};
		C9F4A4292900DB6200BCDF3E /* Frameworks */ = {
			isa = PBXFrameworksBuildPhase;
			buildActionMask = 2147483647;
			files = (
			);
			runOnlyForDeploymentPostprocessing = 0;
		};
/* End PBXFrameworksBuildPhase section */

/* Begin PBXGroup section */
		C91C599B2927E1C900A20136 /* Models */ = {
			isa = PBXGroup;
			children = (
				C91C599C2927E1E000A20136 /* CartModel.swift */,
				C91C599E2927E1FD00A20136 /* CartItemModel.swift */,
			);
			path = Models;
			sourceTree = "<group>";
		};
		C93FCCB529100D5600633487 /* View Styles */ = {
			isa = PBXGroup;
			children = (
				C93FCCB629100D9C00633487 /* PrimaryButtonStyle.swift */,
			);
			path = "View Styles";
			sourceTree = "<group>";
		};
		C94BF00A290ADBA6007E1C25 /* Views */ = {
			isa = PBXGroup;
			children = (
				C94BF00F290ADC07007E1C25 /* Components */,
				C93FCCB529100D5600633487 /* View Styles */,
				C94BF01A290AE580007E1C25 /* CartView.swift */,
				C94BF02A290B1802007E1C25 /* CheckoutView.swift */,
				C94BF00D290ADC02007E1C25 /* ProductDetailView.swift */,
				C94BF00B290ADBF0007E1C25 /* ProductListView.swift */,
				C94BF01C290AE58A007E1C25 /* SettingsView.swift */,
				C94BF018290AE519007E1C25 /* TabContainerView.swift */,
			);
			path = Views;
			sourceTree = "<group>";
		};
		C94BF00F290ADC07007E1C25 /* Components */ = {
			isa = PBXGroup;
			children = (
				C93FCCB829103A7E00633487 /* CartItemRow.swift */,
				C9C7D88E2939029C00950C55 /* LineItemRow.swift */,
				C94BF010290ADC20007E1C25 /* ProductCell.swift */,
				C9C7D8922939315D00950C55 /* RemoteImage.swift */,
			);
			path = Components;
			sourceTree = "<group>";
		};
		C94BF01E290AE5D8007E1C25 /* ViewModels */ = {
			isa = PBXGroup;
			children = (
				C94BF025290AE9DB007E1C25 /* CartViewModel.swift */,
				C94BF02C290B1825007E1C25 /* CheckoutViewModel.swift */,
				C94BF023290AE9C0007E1C25 /* ProductDetailViewModel.swift */,
				C94BF01F290AE5FF007E1C25 /* ProductListViewModel.swift */,
				C94BF021290AE61C007E1C25 /* SettingsViewModel.swift */,
			);
			path = ViewModels;
			sourceTree = "<group>";
		};
		C94BF027290B100C007E1C25 /* Extensions */ = {
			isa = PBXGroup;
			children = (
				C94BF028290B1018007E1C25 /* Collection+Utils.swift */,
				C91C59A02928017B00A20136 /* String+LocalizedError.swift */,
				C9C7D894293E417300950C55 /* UIColor+Utils.swift */,
				C97930B4294A598200605CC9 /* Service+BTT.swift */,
				C9B637D0290B26A6006E5F90 /* View+ErrorAlert.swift */,
			);
			path = Extensions;
			sourceTree = "<group>";
		};
		C9D83EA1294FE52400330F33 /* Configuration */ = {
			isa = PBXGroup;
			children = (
				C9D83EA2294FE54700330F33 /* Config.xcconfig */,
			);
			path = Configuration;
			sourceTree = "<group>";
		};
		C9F4A4092900DB6100BCDF3E = {
			isa = PBXGroup;
			children = (
				C9F4A4142900DB6100BCDF3E /* Example-SwiftUI */,
				C9F4A4252900DB6200BCDF3E /* Example-SwiftUITests */,
				C9F4A42F2900DB6200BCDF3E /* Example-SwiftUIUITests */,
				C9F4A4402900DC9900BCDF3E /* Packages */,
				C9F4A4132900DB6100BCDF3E /* Products */,
				C9F4A4462900DE8400BCDF3E /* Frameworks */,
				C9D83EA1294FE52400330F33 /* Configuration */,
			);
			sourceTree = "<group>";
		};
		C9F4A4132900DB6100BCDF3E /* Products */ = {
			isa = PBXGroup;
			children = (
				C9F4A4122900DB6100BCDF3E /* Example-SwiftUI.app */,
				C9F4A4222900DB6200BCDF3E /* Example-SwiftUITests.xctest */,
				C9F4A42C2900DB6200BCDF3E /* Example-SwiftUIUITests.xctest */,
			);
			name = Products;
			sourceTree = "<group>";
		};
		C9F4A4142900DB6100BCDF3E /* Example-SwiftUI */ = {
			isa = PBXGroup;
			children = (
				C9D83EA5294FEA9C00330F33 /* Info.plist */,
				C9F4A4442900DDE900BCDF3E /* Constants.swift */,
				C9F4A4152900DB6100BCDF3E /* ExampleApp.swift */,
				C9E1141B291425340031E874 /* CartRepository.swift */,
				C9D83EA3294FE78600330F33 /* Configuration.swift */,
				C9C7D890293930E900950C55 /* ImageLoader.swift */,
				C94BF027290B100C007E1C25 /* Extensions */,
				C91C599B2927E1C900A20136 /* Models */,
				C9F4A41B2900DB6200BCDF3E /* Preview Content */,
				C9F4A43F2900DBD000BCDF3E /* Resources */,
				C94BF01E290AE5D8007E1C25 /* ViewModels */,
				C94BF00A290ADBA6007E1C25 /* Views */,
			);
			path = "Example-SwiftUI";
			sourceTree = "<group>";
		};
		C9F4A41B2900DB6200BCDF3E /* Preview Content */ = {
			isa = PBXGroup;
			children = (
				C9F4A41C2900DB6200BCDF3E /* Preview Assets.xcassets */,
			);
			path = "Preview Content";
			sourceTree = "<group>";
		};
		C9F4A4252900DB6200BCDF3E /* Example-SwiftUITests */ = {
			isa = PBXGroup;
			children = (
				C9F4A4262900DB6200BCDF3E /* Example_SwiftUITests.swift */,
			);
			path = "Example-SwiftUITests";
			sourceTree = "<group>";
		};
		C9F4A42F2900DB6200BCDF3E /* Example-SwiftUIUITests */ = {
			isa = PBXGroup;
			children = (
				C9F4A4302900DB6200BCDF3E /* Example_SwiftUIUITests.swift */,
				C9F4A4322900DB6200BCDF3E /* Example_SwiftUIUITestsLaunchTests.swift */,
			);
			path = "Example-SwiftUIUITests";
			sourceTree = "<group>";
		};
		C9F4A43F2900DBD000BCDF3E /* Resources */ = {
			isa = PBXGroup;
			children = (
				C9F4A4192900DB6200BCDF3E /* Assets.xcassets */,
			);
			path = Resources;
			sourceTree = "<group>";
		};
		C9F4A4402900DC9900BCDF3E /* Packages */ = {
			isa = PBXGroup;
			children = (
				C9F4A4492900DFE300BCDF3E /* Service */,
				C9F4A4412900DC9900BCDF3E /* btt-swift-sdk */,
			);
			name = Packages;
			sourceTree = "<group>";
		};
		C9F4A4462900DE8400BCDF3E /* Frameworks */ = {
			isa = PBXGroup;
			children = (
			);
			name = Frameworks;
			sourceTree = "<group>";
		};
/* End PBXGroup section */

/* Begin PBXNativeTarget section */
		C9F4A4112900DB6100BCDF3E /* Example-SwiftUI */ = {
			isa = PBXNativeTarget;
			buildConfigurationList = C9F4A4362900DB6200BCDF3E /* Build configuration list for PBXNativeTarget "Example-SwiftUI" */;
			buildPhases = (
				C9F4A40E2900DB6100BCDF3E /* Sources */,
				C9F4A40F2900DB6100BCDF3E /* Frameworks */,
				C9F4A4102900DB6100BCDF3E /* Resources */,
			);
			buildRules = (
			);
			dependencies = (
			);
			name = "Example-SwiftUI";
			packageProductDependencies = (
				C9F4A4472900DE8400BCDF3E /* BlueTriangle */,
				C94BF014290AE2FC007E1C25 /* Service */,
				C9E11419291421F00031E874 /* IdentifiedCollections */,
			);
			productName = "Example-SwiftUI";
			productReference = C9F4A4122900DB6100BCDF3E /* Example-SwiftUI.app */;
			productType = "com.apple.product-type.application";
		};
		C9F4A4212900DB6200BCDF3E /* Example-SwiftUITests */ = {
			isa = PBXNativeTarget;
			buildConfigurationList = C9F4A4392900DB6200BCDF3E /* Build configuration list for PBXNativeTarget "Example-SwiftUITests" */;
			buildPhases = (
				C9F4A41E2900DB6200BCDF3E /* Sources */,
				C9F4A41F2900DB6200BCDF3E /* Frameworks */,
				C9F4A4202900DB6200BCDF3E /* Resources */,
			);
			buildRules = (
			);
			dependencies = (
				C9F4A4242900DB6200BCDF3E /* PBXTargetDependency */,
			);
			name = "Example-SwiftUITests";
			productName = "Example-SwiftUITests";
			productReference = C9F4A4222900DB6200BCDF3E /* Example-SwiftUITests.xctest */;
			productType = "com.apple.product-type.bundle.unit-test";
		};
		C9F4A42B2900DB6200BCDF3E /* Example-SwiftUIUITests */ = {
			isa = PBXNativeTarget;
			buildConfigurationList = C9F4A43C2900DB6200BCDF3E /* Build configuration list for PBXNativeTarget "Example-SwiftUIUITests" */;
			buildPhases = (
				C9F4A4282900DB6200BCDF3E /* Sources */,
				C9F4A4292900DB6200BCDF3E /* Frameworks */,
				C9F4A42A2900DB6200BCDF3E /* Resources */,
			);
			buildRules = (
			);
			dependencies = (
				C9F4A42E2900DB6200BCDF3E /* PBXTargetDependency */,
			);
			name = "Example-SwiftUIUITests";
			productName = "Example-SwiftUIUITests";
			productReference = C9F4A42C2900DB6200BCDF3E /* Example-SwiftUIUITests.xctest */;
			productType = "com.apple.product-type.bundle.ui-testing";
		};
/* End PBXNativeTarget section */

/* Begin PBXProject section */
		C9F4A40A2900DB6100BCDF3E /* Project object */ = {
			isa = PBXProject;
			attributes = {
				BuildIndependentTargetsInParallel = 1;
				LastSwiftUpdateCheck = 1400;
				LastUpgradeCheck = 1400;
				ORGANIZATIONNAME = "Blue Triangle";
				TargetAttributes = {
					C9F4A4112900DB6100BCDF3E = {
						CreatedOnToolsVersion = 14.0.1;
					};
					C9F4A4212900DB6200BCDF3E = {
						CreatedOnToolsVersion = 14.0.1;
						TestTargetID = C9F4A4112900DB6100BCDF3E;
					};
					C9F4A42B2900DB6200BCDF3E = {
						CreatedOnToolsVersion = 14.0.1;
						TestTargetID = C9F4A4112900DB6100BCDF3E;
					};
				};
			};
			buildConfigurationList = C9F4A40D2900DB6100BCDF3E /* Build configuration list for PBXProject "Example-SwiftUI" */;
			compatibilityVersion = "Xcode 14.0";
			developmentRegion = en;
			hasScannedForEncodings = 0;
			knownRegions = (
				en,
				Base,
			);
			mainGroup = C9F4A4092900DB6100BCDF3E;
			packageReferences = (
				C9E11418291421F00031E874 /* XCRemoteSwiftPackageReference "swift-identified-collections" */,
			);
			productRefGroup = C9F4A4132900DB6100BCDF3E /* Products */;
			projectDirPath = "";
			projectRoot = "";
			targets = (
				C9F4A4112900DB6100BCDF3E /* Example-SwiftUI */,
				C9F4A4212900DB6200BCDF3E /* Example-SwiftUITests */,
				C9F4A42B2900DB6200BCDF3E /* Example-SwiftUIUITests */,
			);
		};
/* End PBXProject section */

/* Begin PBXResourcesBuildPhase section */
		C9F4A4102900DB6100BCDF3E /* Resources */ = {
			isa = PBXResourcesBuildPhase;
			buildActionMask = 2147483647;
			files = (
				C9F4A41D2900DB6200BCDF3E /* Preview Assets.xcassets in Resources */,
				C9F4A41A2900DB6200BCDF3E /* Assets.xcassets in Resources */,
			);
			runOnlyForDeploymentPostprocessing = 0;
		};
		C9F4A4202900DB6200BCDF3E /* Resources */ = {
			isa = PBXResourcesBuildPhase;
			buildActionMask = 2147483647;
			files = (
			);
			runOnlyForDeploymentPostprocessing = 0;
		};
		C9F4A42A2900DB6200BCDF3E /* Resources */ = {
			isa = PBXResourcesBuildPhase;
			buildActionMask = 2147483647;
			files = (
			);
			runOnlyForDeploymentPostprocessing = 0;
		};
/* End PBXResourcesBuildPhase section */

/* Begin PBXSourcesBuildPhase section */
		C9F4A40E2900DB6100BCDF3E /* Sources */ = {
			isa = PBXSourcesBuildPhase;
			buildActionMask = 2147483647;
			files = (
				C9E1141C291425340031E874 /* CartRepository.swift in Sources */,
				C93FCCB729100D9C00633487 /* PrimaryButtonStyle.swift in Sources */,
				C9D83EA4294FE78600330F33 /* Configuration.swift in Sources */,
				C94BF02D290B1825007E1C25 /* CheckoutViewModel.swift in Sources */,
				C9C7D88F2939029C00950C55 /* LineItemRow.swift in Sources */,
				C94BF020290AE5FF007E1C25 /* ProductListViewModel.swift in Sources */,
				C94BF01B290AE580007E1C25 /* CartView.swift in Sources */,
				C94BF026290AE9DB007E1C25 /* CartViewModel.swift in Sources */,
				C94BF00C290ADBF0007E1C25 /* ProductListView.swift in Sources */,
				C94BF029290B1018007E1C25 /* Collection+Utils.swift in Sources */,
				C91C599D2927E1E000A20136 /* CartModel.swift in Sources */,
				C94BF00E290ADC02007E1C25 /* ProductDetailView.swift in Sources */,
				C9C7D895293E417300950C55 /* UIColor+Utils.swift in Sources */,
				C94BF01D290AE58A007E1C25 /* SettingsView.swift in Sources */,
				C9B637D1290B26A6006E5F90 /* View+ErrorAlert.swift in Sources */,
				C94BF011290ADC20007E1C25 /* ProductCell.swift in Sources */,
				C9C7D891293930E900950C55 /* ImageLoader.swift in Sources */,
				C91C599F2927E1FD00A20136 /* CartItemModel.swift in Sources */,
				C94BF024290AE9C0007E1C25 /* ProductDetailViewModel.swift in Sources */,
				C9F4A4162900DB6100BCDF3E /* ExampleApp.swift in Sources */,
				C9C7D8932939315D00950C55 /* RemoteImage.swift in Sources */,
				C94BF02B290B1803007E1C25 /* CheckoutView.swift in Sources */,
				C94BF019290AE519007E1C25 /* TabContainerView.swift in Sources */,
				C9F4A4452900DDE900BCDF3E /* Constants.swift in Sources */,
				C94BF022290AE61C007E1C25 /* SettingsViewModel.swift in Sources */,
				C93FCCB929103A7E00633487 /* CartItemRow.swift in Sources */,
				C91C59A12928017B00A20136 /* String+LocalizedError.swift in Sources */,
				C97930B5294A598200605CC9 /* Service+BTT.swift in Sources */,
			);
			runOnlyForDeploymentPostprocessing = 0;
		};
		C9F4A41E2900DB6200BCDF3E /* Sources */ = {
			isa = PBXSourcesBuildPhase;
			buildActionMask = 2147483647;
			files = (
				C9F4A4272900DB6200BCDF3E /* Example_SwiftUITests.swift in Sources */,
			);
			runOnlyForDeploymentPostprocessing = 0;
		};
		C9F4A4282900DB6200BCDF3E /* Sources */ = {
			isa = PBXSourcesBuildPhase;
			buildActionMask = 2147483647;
			files = (
				C9F4A4312900DB6200BCDF3E /* Example_SwiftUIUITests.swift in Sources */,
				C9F4A4332900DB6200BCDF3E /* Example_SwiftUIUITestsLaunchTests.swift in Sources */,
			);
			runOnlyForDeploymentPostprocessing = 0;
		};
/* End PBXSourcesBuildPhase section */

/* Begin PBXTargetDependency section */
		C9F4A4242900DB6200BCDF3E /* PBXTargetDependency */ = {
			isa = PBXTargetDependency;
			target = C9F4A4112900DB6100BCDF3E /* Example-SwiftUI */;
			targetProxy = C9F4A4232900DB6200BCDF3E /* PBXContainerItemProxy */;
		};
		C9F4A42E2900DB6200BCDF3E /* PBXTargetDependency */ = {
			isa = PBXTargetDependency;
			target = C9F4A4112900DB6100BCDF3E /* Example-SwiftUI */;
			targetProxy = C9F4A42D2900DB6200BCDF3E /* PBXContainerItemProxy */;
		};
/* End PBXTargetDependency section */

/* Begin XCBuildConfiguration section */
		C9F4A4342900DB6200BCDF3E /* Debug */ = {
			isa = XCBuildConfiguration;
			baseConfigurationReference = C9D83EA2294FE54700330F33 /* Config.xcconfig */;
			buildSettings = {
				ALWAYS_SEARCH_USER_PATHS = NO;
				CLANG_ANALYZER_NONNULL = YES;
				CLANG_ANALYZER_NUMBER_OBJECT_CONVERSION = YES_AGGRESSIVE;
				CLANG_CXX_LANGUAGE_STANDARD = "gnu++20";
				CLANG_ENABLE_MODULES = YES;
				CLANG_ENABLE_OBJC_ARC = YES;
				CLANG_ENABLE_OBJC_WEAK = YES;
				CLANG_WARN_BLOCK_CAPTURE_AUTORELEASING = YES;
				CLANG_WARN_BOOL_CONVERSION = YES;
				CLANG_WARN_COMMA = YES;
				CLANG_WARN_CONSTANT_CONVERSION = YES;
				CLANG_WARN_DEPRECATED_OBJC_IMPLEMENTATIONS = YES;
				CLANG_WARN_DIRECT_OBJC_ISA_USAGE = YES_ERROR;
				CLANG_WARN_DOCUMENTATION_COMMENTS = YES;
				CLANG_WARN_EMPTY_BODY = YES;
				CLANG_WARN_ENUM_CONVERSION = YES;
				CLANG_WARN_INFINITE_RECURSION = YES;
				CLANG_WARN_INT_CONVERSION = YES;
				CLANG_WARN_NON_LITERAL_NULL_CONVERSION = YES;
				CLANG_WARN_OBJC_IMPLICIT_RETAIN_SELF = YES;
				CLANG_WARN_OBJC_LITERAL_CONVERSION = YES;
				CLANG_WARN_OBJC_ROOT_CLASS = YES_ERROR;
				CLANG_WARN_QUOTED_INCLUDE_IN_FRAMEWORK_HEADER = YES;
				CLANG_WARN_RANGE_LOOP_ANALYSIS = YES;
				CLANG_WARN_STRICT_PROTOTYPES = YES;
				CLANG_WARN_SUSPICIOUS_MOVE = YES;
				CLANG_WARN_UNGUARDED_AVAILABILITY = YES_AGGRESSIVE;
				CLANG_WARN_UNREACHABLE_CODE = YES;
				CLANG_WARN__DUPLICATE_METHOD_MATCH = YES;
				COPY_PHASE_STRIP = NO;
				DEBUG_INFORMATION_FORMAT = dwarf;
				ENABLE_STRICT_OBJC_MSGSEND = YES;
				ENABLE_TESTABILITY = YES;
				GCC_C_LANGUAGE_STANDARD = gnu11;
				GCC_DYNAMIC_NO_PIC = NO;
				GCC_NO_COMMON_BLOCKS = YES;
				GCC_OPTIMIZATION_LEVEL = 0;
				GCC_PREPROCESSOR_DEFINITIONS = (
					"DEBUG=1",
					"$(inherited)",
				);
				GCC_WARN_64_TO_32_BIT_CONVERSION = YES;
				GCC_WARN_ABOUT_RETURN_TYPE = YES_ERROR;
				GCC_WARN_UNDECLARED_SELECTOR = YES;
				GCC_WARN_UNINITIALIZED_AUTOS = YES_AGGRESSIVE;
				GCC_WARN_UNUSED_FUNCTION = YES;
				GCC_WARN_UNUSED_VARIABLE = YES;
				IPHONEOS_DEPLOYMENT_TARGET = 16.0;
				MTL_ENABLE_DEBUG_INFO = INCLUDE_SOURCE;
				MTL_FAST_MATH = YES;
				ONLY_ACTIVE_ARCH = YES;
				SDKROOT = iphoneos;
				SWIFT_ACTIVE_COMPILATION_CONDITIONS = DEBUG;
				SWIFT_OPTIMIZATION_LEVEL = "-Onone";
			};
			name = Debug;
		};
		C9F4A4352900DB6200BCDF3E /* Release */ = {
			isa = XCBuildConfiguration;
			baseConfigurationReference = C9D83EA2294FE54700330F33 /* Config.xcconfig */;
			buildSettings = {
				ALWAYS_SEARCH_USER_PATHS = NO;
				CLANG_ANALYZER_NONNULL = YES;
				CLANG_ANALYZER_NUMBER_OBJECT_CONVERSION = YES_AGGRESSIVE;
				CLANG_CXX_LANGUAGE_STANDARD = "gnu++20";
				CLANG_ENABLE_MODULES = YES;
				CLANG_ENABLE_OBJC_ARC = YES;
				CLANG_ENABLE_OBJC_WEAK = YES;
				CLANG_WARN_BLOCK_CAPTURE_AUTORELEASING = YES;
				CLANG_WARN_BOOL_CONVERSION = YES;
				CLANG_WARN_COMMA = YES;
				CLANG_WARN_CONSTANT_CONVERSION = YES;
				CLANG_WARN_DEPRECATED_OBJC_IMPLEMENTATIONS = YES;
				CLANG_WARN_DIRECT_OBJC_ISA_USAGE = YES_ERROR;
				CLANG_WARN_DOCUMENTATION_COMMENTS = YES;
				CLANG_WARN_EMPTY_BODY = YES;
				CLANG_WARN_ENUM_CONVERSION = YES;
				CLANG_WARN_INFINITE_RECURSION = YES;
				CLANG_WARN_INT_CONVERSION = YES;
				CLANG_WARN_NON_LITERAL_NULL_CONVERSION = YES;
				CLANG_WARN_OBJC_IMPLICIT_RETAIN_SELF = YES;
				CLANG_WARN_OBJC_LITERAL_CONVERSION = YES;
				CLANG_WARN_OBJC_ROOT_CLASS = YES_ERROR;
				CLANG_WARN_QUOTED_INCLUDE_IN_FRAMEWORK_HEADER = YES;
				CLANG_WARN_RANGE_LOOP_ANALYSIS = YES;
				CLANG_WARN_STRICT_PROTOTYPES = YES;
				CLANG_WARN_SUSPICIOUS_MOVE = YES;
				CLANG_WARN_UNGUARDED_AVAILABILITY = YES_AGGRESSIVE;
				CLANG_WARN_UNREACHABLE_CODE = YES;
				CLANG_WARN__DUPLICATE_METHOD_MATCH = YES;
				COPY_PHASE_STRIP = NO;
				DEBUG_INFORMATION_FORMAT = "dwarf-with-dsym";
				ENABLE_NS_ASSERTIONS = NO;
				ENABLE_STRICT_OBJC_MSGSEND = YES;
				GCC_C_LANGUAGE_STANDARD = gnu11;
				GCC_NO_COMMON_BLOCKS = YES;
				GCC_WARN_64_TO_32_BIT_CONVERSION = YES;
				GCC_WARN_ABOUT_RETURN_TYPE = YES_ERROR;
				GCC_WARN_UNDECLARED_SELECTOR = YES;
				GCC_WARN_UNINITIALIZED_AUTOS = YES_AGGRESSIVE;
				GCC_WARN_UNUSED_FUNCTION = YES;
				GCC_WARN_UNUSED_VARIABLE = YES;
				IPHONEOS_DEPLOYMENT_TARGET = 16.0;
				MTL_ENABLE_DEBUG_INFO = NO;
				MTL_FAST_MATH = YES;
				SDKROOT = iphoneos;
				SWIFT_COMPILATION_MODE = wholemodule;
				SWIFT_OPTIMIZATION_LEVEL = "-O";
				VALIDATE_PRODUCT = YES;
			};
			name = Release;
		};
		C9F4A4372900DB6200BCDF3E /* Debug */ = {
			isa = XCBuildConfiguration;
			buildSettings = {
				ASSETCATALOG_COMPILER_APPICON_NAME = AppIcon;
				ASSETCATALOG_COMPILER_GLOBAL_ACCENT_COLOR_NAME = AccentColor;
				CODE_SIGN_STYLE = Automatic;
				CURRENT_PROJECT_VERSION = 1;
				DEVELOPMENT_ASSET_PATHS = "\"Example-SwiftUI/Preview Content\"";
				DEVELOPMENT_TEAM = "$(DEVELOPMENT_TEAM)";
				ENABLE_PREVIEWS = YES;
				GENERATE_INFOPLIST_FILE = YES;
				INFOPLIST_FILE = "Example-SwiftUI/Info.plist";
				INFOPLIST_KEY_UIApplicationSceneManifest_Generation = YES;
				INFOPLIST_KEY_UIApplicationSupportsIndirectInputEvents = YES;
				INFOPLIST_KEY_UILaunchScreen_Generation = YES;
				INFOPLIST_KEY_UISupportedInterfaceOrientations_iPad = "UIInterfaceOrientationPortrait UIInterfaceOrientationPortraitUpsideDown UIInterfaceOrientationLandscapeLeft UIInterfaceOrientationLandscapeRight";
				INFOPLIST_KEY_UISupportedInterfaceOrientations_iPhone = "UIInterfaceOrientationPortrait UIInterfaceOrientationLandscapeLeft UIInterfaceOrientationLandscapeRight";
				LD_RUNPATH_SEARCH_PATHS = (
					"$(inherited)",
					"@executable_path/Frameworks",
				);
				MARKETING_VERSION = 1.0;
				PRODUCT_BUNDLE_IDENTIFIER = "com.bluetriangle.Example-SwiftUI";
				PRODUCT_NAME = "$(TARGET_NAME)";
				SWIFT_EMIT_LOC_STRINGS = YES;
				SWIFT_VERSION = 5.0;
				TARGETED_DEVICE_FAMILY = "1,2";
			};
			name = Debug;
		};
		C9F4A4382900DB6200BCDF3E /* Release */ = {
			isa = XCBuildConfiguration;
			buildSettings = {
				ASSETCATALOG_COMPILER_APPICON_NAME = AppIcon;
				ASSETCATALOG_COMPILER_GLOBAL_ACCENT_COLOR_NAME = AccentColor;
				CODE_SIGN_STYLE = Automatic;
				CURRENT_PROJECT_VERSION = 1;
				DEVELOPMENT_ASSET_PATHS = "\"Example-SwiftUI/Preview Content\"";
				DEVELOPMENT_TEAM = "$(DEVELOPMENT_TEAM)";
				ENABLE_PREVIEWS = YES;
				GENERATE_INFOPLIST_FILE = YES;
				INFOPLIST_FILE = "Example-SwiftUI/Info.plist";
				INFOPLIST_KEY_UIApplicationSceneManifest_Generation = YES;
				INFOPLIST_KEY_UIApplicationSupportsIndirectInputEvents = YES;
				INFOPLIST_KEY_UILaunchScreen_Generation = YES;
				INFOPLIST_KEY_UISupportedInterfaceOrientations_iPad = "UIInterfaceOrientationPortrait UIInterfaceOrientationPortraitUpsideDown UIInterfaceOrientationLandscapeLeft UIInterfaceOrientationLandscapeRight";
				INFOPLIST_KEY_UISupportedInterfaceOrientations_iPhone = "UIInterfaceOrientationPortrait UIInterfaceOrientationLandscapeLeft UIInterfaceOrientationLandscapeRight";
				LD_RUNPATH_SEARCH_PATHS = (
					"$(inherited)",
					"@executable_path/Frameworks",
				);
				MARKETING_VERSION = 1.0;
				PRODUCT_BUNDLE_IDENTIFIER = "com.bluetriangle.Example-SwiftUI";
				PRODUCT_NAME = "$(TARGET_NAME)";
				SWIFT_EMIT_LOC_STRINGS = YES;
				SWIFT_VERSION = 5.0;
				TARGETED_DEVICE_FAMILY = "1,2";
			};
			name = Release;
		};
		C9F4A43A2900DB6200BCDF3E /* Debug */ = {
			isa = XCBuildConfiguration;
			buildSettings = {
				ALWAYS_EMBED_SWIFT_STANDARD_LIBRARIES = YES;
				BUNDLE_LOADER = "$(TEST_HOST)";
				CODE_SIGN_STYLE = Automatic;
				CURRENT_PROJECT_VERSION = 1;
				DEVELOPMENT_TEAM = 2PMX4WLK83;
				GENERATE_INFOPLIST_FILE = YES;
				IPHONEOS_DEPLOYMENT_TARGET = 16.0;
				MARKETING_VERSION = 1.0;
				PRODUCT_BUNDLE_IDENTIFIER = "com.bluetriangle.Example-SwiftUITests";
				PRODUCT_NAME = "$(TARGET_NAME)";
				SWIFT_EMIT_LOC_STRINGS = NO;
				SWIFT_VERSION = 5.0;
				TARGETED_DEVICE_FAMILY = "1,2";
				TEST_HOST = "$(BUILT_PRODUCTS_DIR)/Example-SwiftUI.app/$(BUNDLE_EXECUTABLE_FOLDER_PATH)/Example-SwiftUI";
			};
			name = Debug;
		};
		C9F4A43B2900DB6200BCDF3E /* Release */ = {
			isa = XCBuildConfiguration;
			buildSettings = {
				ALWAYS_EMBED_SWIFT_STANDARD_LIBRARIES = YES;
				BUNDLE_LOADER = "$(TEST_HOST)";
				CODE_SIGN_STYLE = Automatic;
				CURRENT_PROJECT_VERSION = 1;
				DEVELOPMENT_TEAM = 2PMX4WLK83;
				GENERATE_INFOPLIST_FILE = YES;
				IPHONEOS_DEPLOYMENT_TARGET = 16.0;
				MARKETING_VERSION = 1.0;
				PRODUCT_BUNDLE_IDENTIFIER = "com.bluetriangle.Example-SwiftUITests";
				PRODUCT_NAME = "$(TARGET_NAME)";
				SWIFT_EMIT_LOC_STRINGS = NO;
				SWIFT_VERSION = 5.0;
				TARGETED_DEVICE_FAMILY = "1,2";
				TEST_HOST = "$(BUILT_PRODUCTS_DIR)/Example-SwiftUI.app/$(BUNDLE_EXECUTABLE_FOLDER_PATH)/Example-SwiftUI";
			};
			name = Release;
		};
		C9F4A43D2900DB6200BCDF3E /* Debug */ = {
			isa = XCBuildConfiguration;
			buildSettings = {
				ALWAYS_EMBED_SWIFT_STANDARD_LIBRARIES = YES;
				CODE_SIGN_STYLE = Automatic;
				CURRENT_PROJECT_VERSION = 1;
				DEVELOPMENT_TEAM = 2PMX4WLK83;
				GENERATE_INFOPLIST_FILE = YES;
				MARKETING_VERSION = 1.0;
				PRODUCT_BUNDLE_IDENTIFIER = "com.bluetriangle.Example-SwiftUIUITests";
				PRODUCT_NAME = "$(TARGET_NAME)";
				SWIFT_EMIT_LOC_STRINGS = NO;
				SWIFT_VERSION = 5.0;
				TARGETED_DEVICE_FAMILY = "1,2";
				TEST_TARGET_NAME = "Example-SwiftUI";
			};
			name = Debug;
		};
		C9F4A43E2900DB6200BCDF3E /* Release */ = {
			isa = XCBuildConfiguration;
			buildSettings = {
				ALWAYS_EMBED_SWIFT_STANDARD_LIBRARIES = YES;
				CODE_SIGN_STYLE = Automatic;
				CURRENT_PROJECT_VERSION = 1;
				DEVELOPMENT_TEAM = 2PMX4WLK83;
				GENERATE_INFOPLIST_FILE = YES;
				MARKETING_VERSION = 1.0;
				PRODUCT_BUNDLE_IDENTIFIER = "com.bluetriangle.Example-SwiftUIUITests";
				PRODUCT_NAME = "$(TARGET_NAME)";
				SWIFT_EMIT_LOC_STRINGS = NO;
				SWIFT_VERSION = 5.0;
				TARGETED_DEVICE_FAMILY = "1,2";
				TEST_TARGET_NAME = "Example-SwiftUI";
			};
			name = Release;
		};
/* End XCBuildConfiguration section */

/* Begin XCConfigurationList section */
		C9F4A40D2900DB6100BCDF3E /* Build configuration list for PBXProject "Example-SwiftUI" */ = {
			isa = XCConfigurationList;
			buildConfigurations = (
				C9F4A4342900DB6200BCDF3E /* Debug */,
				C9F4A4352900DB6200BCDF3E /* Release */,
			);
			defaultConfigurationIsVisible = 0;
			defaultConfigurationName = Release;
		};
		C9F4A4362900DB6200BCDF3E /* Build configuration list for PBXNativeTarget "Example-SwiftUI" */ = {
			isa = XCConfigurationList;
			buildConfigurations = (
				C9F4A4372900DB6200BCDF3E /* Debug */,
				C9F4A4382900DB6200BCDF3E /* Release */,
			);
			defaultConfigurationIsVisible = 0;
			defaultConfigurationName = Release;
		};
		C9F4A4392900DB6200BCDF3E /* Build configuration list for PBXNativeTarget "Example-SwiftUITests" */ = {
			isa = XCConfigurationList;
			buildConfigurations = (
				C9F4A43A2900DB6200BCDF3E /* Debug */,
				C9F4A43B2900DB6200BCDF3E /* Release */,
			);
			defaultConfigurationIsVisible = 0;
			defaultConfigurationName = Release;
		};
		C9F4A43C2900DB6200BCDF3E /* Build configuration list for PBXNativeTarget "Example-SwiftUIUITests" */ = {
			isa = XCConfigurationList;
			buildConfigurations = (
				C9F4A43D2900DB6200BCDF3E /* Debug */,
				C9F4A43E2900DB6200BCDF3E /* Release */,
			);
			defaultConfigurationIsVisible = 0;
			defaultConfigurationName = Release;
		};
/* End XCConfigurationList section */

/* Begin XCRemoteSwiftPackageReference section */
		C9E11418291421F00031E874 /* XCRemoteSwiftPackageReference "swift-identified-collections" */ = {
			isa = XCRemoteSwiftPackageReference;
			repositoryURL = "https://github.com/pointfreeco/swift-identified-collections";
			requirement = {
				kind = upToNextMajorVersion;
				minimumVersion = 0.4.1;
			};
		};
/* End XCRemoteSwiftPackageReference section */

/* Begin XCSwiftPackageProductDependency section */
		C94BF014290AE2FC007E1C25 /* Service */ = {
			isa = XCSwiftPackageProductDependency;
			productName = Service;
		};
		C9E11419291421F00031E874 /* IdentifiedCollections */ = {
			isa = XCSwiftPackageProductDependency;
			package = C9E11418291421F00031E874 /* XCRemoteSwiftPackageReference "swift-identified-collections" */;
			productName = IdentifiedCollections;
		};
		C9F4A4472900DE8400BCDF3E /* BlueTriangle */ = {
			isa = XCSwiftPackageProductDependency;
			productName = BlueTriangle;
		};
/* End XCSwiftPackageProductDependency section */
	};
	rootObject = C9F4A40A2900DB6100BCDF3E /* Project object */;
}
